
Microsoft Visual Studio Solution File, Format Version 12.00
# Visual Studio 14
VisualStudioVersion = 14.0.24720.0
MinimumVisualStudioVersion = 10.0.40219.1
Project("{FAE04EC0-301F-11D3-BF4B-00C04F79EFBC}") = "Sockets.Plugin", "Sockets\Sockets.Plugin\Sockets.Plugin.csproj", "{A6FCEF44-D2BA-42C7-B3CB-13667BCD7B54}"
EndProject
Project("{FAE04EC0-301F-11D3-BF4B-00C04F79EFBC}") = "Sockets.Plugin.Abstractions", "Sockets\Sockets.Plugin.Abstractions\Sockets.Plugin.Abstractions.csproj", "{6EDB0588-FFC5-4EF5-8A99-9E241D0F878D}"
EndProject
Project("{FAE04EC0-301F-11D3-BF4B-00C04F79EFBC}") = "Sockets.Plugin.iOSUnified", "Sockets\Sockets.Plugin.iOSUnified\Sockets.Plugin.iOSUnified.csproj", "{2882AEEB-D4CD-4EB9-8A6C-6653B33681F0}"
EndProject
Project("{FAE04EC0-301F-11D3-BF4B-00C04F79EFBC}") = "Sockets.Plugin.Android", "Sockets\Sockets.Plugin.Android\Sockets.Plugin.Android.csproj", "{56A56F17-7DE1-4CA1-9617-BF32E971AC84}"
EndProject
Project("{FAE04EC0-301F-11D3-BF4B-00C04F79EFBC}") = "Sockets.Plugin.WindowsPhone8", "Sockets\Sockets.Plugin.WindowsPhone8\Sockets.Plugin.WindowsPhone8.csproj", "{5876144B-47DD-4C4E-B421-BC03F191B996}"
EndProject
Project("{FAE04EC0-301F-11D3-BF4B-00C04F79EFBC}") = "Sockets.Plugin.WindowsPhone81", "Sockets\Sockets.Plugin.WindowsPhone81\Sockets.Plugin.WindowsPhone81.csproj", "{7169373F-0B82-4E5D-9129-7CC3065B90FA}"
EndProject
Project("{FAE04EC0-301F-11D3-BF4B-00C04F79EFBC}") = "Sockets.Plugin.WindowsStore", "Sockets\Sockets.Plugin.WindowsStore\Sockets.Plugin.WindowsStore.csproj", "{ED9A4CA1-C04C-457D-9A2E-7995CCF12356}"
EndProject
Project("{FAE04EC0-301F-11D3-BF4B-00C04F79EFBC}") = "Sockets.Implementation.NET", "Sockets\Sockets.Implementation.NET\Sockets.Implementation.NET.csproj", "{29CE3F18-4038-4686-936D-AB164D5C8B74}"
EndProject
Project("{FAE04EC0-301F-11D3-BF4B-00C04F79EFBC}") = "Sockets.Implementation.WinRT", "Sockets\Sockets.Implementation.WinRT\Sockets.Implementation.WinRT.csproj", "{47833E48-D923-4C4C-AE53-9E9F565CAF7C}"
EndProject
Project("{FAE04EC0-301F-11D3-BF4B-00C04F79EFBC}") = "Sockets.Plugin.WindowsDesktop", "Sockets\Sockets.Plugin.WindowsDesktop\Sockets.Plugin.WindowsDesktop.csproj", "{22FCB56B-DE2C-4B00-B86C-E2DEBCB45000}"
EndProject
Project("{2150E333-8FDC-42A3-9474-1A3956D46DE8}") = "Solution Items", "Solution Items", "{C3869148-95B1-4273-B098-CF60FB4FAC17}"
	ProjectSection(SolutionItems) = preProject
		CHANGELOG.md = CHANGELOG.md
		component.yaml = component.yaml
		Details.md = Details.md
		LICENSE.md = LICENSE.md
		README.md = README.md
		Sockets.Plugin.nuspec = Sockets.Plugin.nuspec
	EndProjectSection
EndProject
Project("{2150E333-8FDC-42A3-9474-1A3956D46DE8}") = "Samples", "Samples", "{3A7E660F-DF7C-49F6-AE1D-4F7000036283}"
EndProject
Project("{FAE04EC0-301F-11D3-BF4B-00C04F79EFBC}") = "SocketsSample.XF", "Sockets\Samples\SocketsSample.XF\SocketsSample.XF\SocketsSample.XF.csproj", "{C311E8BC-1D77-418F-BBAE-6B858178722B}"
EndProject
Project("{FAE04EC0-301F-11D3-BF4B-00C04F79EFBC}") = "SocketsSample.XF.iOS", "Sockets\Samples\SocketsSample.XF\SocketsSample.XF.iOS\SocketsSample.XF.iOS.csproj", "{3D9C7D35-3D58-4271-A889-884140708B23}"
EndProject
Project("{FAE04EC0-301F-11D3-BF4B-00C04F79EFBC}") = "SocketsSample.XF.Droid", "Sockets\Samples\SocketsSample.XF\SocketsSample.XF.Droid\SocketsSample.XF.Droid.csproj", "{7A6AB793-040D-4FDF-9B58-865E686B8C11}"
EndProject
Project("{FAE04EC0-301F-11D3-BF4B-00C04F79EFBC}") = "SocketsSample.XF.WinPhone", "Sockets\Samples\SocketsSample.XF\SocketsSample.XF.WinPhone\SocketsSample.XF.WinPhone.csproj", "{C99CC003-35F2-4E4A-9762-1C9A4448BEFC}"
EndProject
Project("{FAE04EC0-301F-11D3-BF4B-00C04F79EFBC}") = "Sockets.Plugin.MacOpenSource", "Sockets\Sockets.Plugin.MacOpenSource\Sockets.Plugin.MacOpenSource.csproj", "{2882AEEB-D4CD-4EB9-8A6C-6653B33681F1}"
EndProject
Project("{FAE04EC0-301F-11D3-BF4B-00C04F79EFBC}") = "Sockets.Plugin.MacClassic", "Sockets\Sockets.Plugin.MacClassic\Sockets.Plugin.MacClassic.csproj", "{2882AEEB-D4CD-4EB9-8A6C-6653B33681F2}"
EndProject
Project("{FAE04EC0-301F-11D3-BF4B-00C04F79EFBC}") = "Sockets.Plugin.MacUnified", "Sockets\Sockets.Plugin.MacUnified\Sockets.Plugin.MacUnified.csproj", "{2882AEEB-D4CD-4EB9-8A6C-6653B33681F4}"
EndProject
Project("{2150E333-8FDC-42A3-9474-1A3956D46DE8}") = "Tests", "Tests", "{8048C58C-EB2F-4BE2-BFD0-DE2DE04F710C}"
EndProject
Project("{FAE04EC0-301F-11D3-BF4B-00C04F79EFBC}") = "Sockets.Tests", "Sockets\Tests\Sockets.Tests\Sockets.Tests.csproj", "{44455B12-E32F-4367-84BC-F1D1A5677B97}"
EndProject
Project("{FAE04EC0-301F-11D3-BF4B-00C04F79EFBC}") = "Sockets.Tests.DroidRunner", "Sockets\Tests\Sockets.Tests.DroidRunner\Sockets.Tests.DroidRunner.csproj", "{B059BD20-E2F7-4AB9-AC7A-28222A2D4565}"
EndProject
Project("{FAE04EC0-301F-11D3-BF4B-00C04F79EFBC}") = "Sockets.Tests.iOS", "Sockets\Tests\Sockets.Tests.iOS\Sockets.Tests.iOS.csproj", "{4CE44A2F-7ED3-41F4-B6FE-A9C69B7BDF25}"
EndProject
Global
	GlobalSection(SolutionConfigurationPlatforms) = preSolution
		Ad-Hoc|Any CPU = Ad-Hoc|Any CPU
		Ad-Hoc|ARM = Ad-Hoc|ARM
		Ad-Hoc|iPhone = Ad-Hoc|iPhone
		Ad-Hoc|iPhoneSimulator = Ad-Hoc|iPhoneSimulator
		Ad-Hoc|Mixed Platforms = Ad-Hoc|Mixed Platforms
		Ad-Hoc|x64 = Ad-Hoc|x64
		Ad-Hoc|x86 = Ad-Hoc|x86
		AppStore|Any CPU = AppStore|Any CPU
		AppStore|ARM = AppStore|ARM
		AppStore|iPhone = AppStore|iPhone
		AppStore|iPhoneSimulator = AppStore|iPhoneSimulator
		AppStore|Mixed Platforms = AppStore|Mixed Platforms
		AppStore|x64 = AppStore|x64
		AppStore|x86 = AppStore|x86
		Debug|Any CPU = Debug|Any CPU
		Debug|ARM = Debug|ARM
		Debug|iPhone = Debug|iPhone
		Debug|iPhoneSimulator = Debug|iPhoneSimulator
		Debug|Mixed Platforms = Debug|Mixed Platforms
		Debug|x64 = Debug|x64
		Debug|x86 = Debug|x86
		Release|Any CPU = Release|Any CPU
		Release|ARM = Release|ARM
		Release|iPhone = Release|iPhone
		Release|iPhoneSimulator = Release|iPhoneSimulator
		Release|Mixed Platforms = Release|Mixed Platforms
		Release|x64 = Release|x64
		Release|x86 = Release|x86
	EndGlobalSection
	GlobalSection(ProjectConfigurationPlatforms) = postSolution
		{A6FCEF44-D2BA-42C7-B3CB-13667BCD7B54}.Ad-Hoc|Any CPU.ActiveCfg = Release|Any CPU
		{A6FCEF44-D2BA-42C7-B3CB-13667BCD7B54}.Ad-Hoc|Any CPU.Build.0 = Release|Any CPU
		{A6FCEF44-D2BA-42C7-B3CB-13667BCD7B54}.Ad-Hoc|ARM.ActiveCfg = Release|Any CPU
		{A6FCEF44-D2BA-42C7-B3CB-13667BCD7B54}.Ad-Hoc|iPhone.ActiveCfg = Release|Any CPU
		{A6FCEF44-D2BA-42C7-B3CB-13667BCD7B54}.Ad-Hoc|iPhoneSimulator.ActiveCfg = Release|Any CPU
		{A6FCEF44-D2BA-42C7-B3CB-13667BCD7B54}.Ad-Hoc|Mixed Platforms.ActiveCfg = Release|Any CPU
		{A6FCEF44-D2BA-42C7-B3CB-13667BCD7B54}.Ad-Hoc|Mixed Platforms.Build.0 = Release|Any CPU
		{A6FCEF44-D2BA-42C7-B3CB-13667BCD7B54}.Ad-Hoc|x64.ActiveCfg = Release|Any CPU
		{A6FCEF44-D2BA-42C7-B3CB-13667BCD7B54}.Ad-Hoc|x86.ActiveCfg = Release|Any CPU
		{A6FCEF44-D2BA-42C7-B3CB-13667BCD7B54}.AppStore|Any CPU.ActiveCfg = Release|Any CPU
		{A6FCEF44-D2BA-42C7-B3CB-13667BCD7B54}.AppStore|Any CPU.Build.0 = Release|Any CPU
		{A6FCEF44-D2BA-42C7-B3CB-13667BCD7B54}.AppStore|ARM.ActiveCfg = Release|Any CPU
		{A6FCEF44-D2BA-42C7-B3CB-13667BCD7B54}.AppStore|iPhone.ActiveCfg = Release|Any CPU
		{A6FCEF44-D2BA-42C7-B3CB-13667BCD7B54}.AppStore|iPhoneSimulator.ActiveCfg = Release|Any CPU
		{A6FCEF44-D2BA-42C7-B3CB-13667BCD7B54}.AppStore|Mixed Platforms.ActiveCfg = Release|Any CPU
		{A6FCEF44-D2BA-42C7-B3CB-13667BCD7B54}.AppStore|Mixed Platforms.Build.0 = Release|Any CPU
		{A6FCEF44-D2BA-42C7-B3CB-13667BCD7B54}.AppStore|x64.ActiveCfg = Release|Any CPU
		{A6FCEF44-D2BA-42C7-B3CB-13667BCD7B54}.AppStore|x86.ActiveCfg = Release|Any CPU
		{A6FCEF44-D2BA-42C7-B3CB-13667BCD7B54}.Debug|Any CPU.ActiveCfg = Debug|Any CPU
		{A6FCEF44-D2BA-42C7-B3CB-13667BCD7B54}.Debug|Any CPU.Build.0 = Debug|Any CPU
		{A6FCEF44-D2BA-42C7-B3CB-13667BCD7B54}.Debug|ARM.ActiveCfg = Debug|Any CPU
		{A6FCEF44-D2BA-42C7-B3CB-13667BCD7B54}.Debug|iPhone.ActiveCfg = Debug|Any CPU
		{A6FCEF44-D2BA-42C7-B3CB-13667BCD7B54}.Debug|iPhoneSimulator.ActiveCfg = Debug|Any CPU
		{A6FCEF44-D2BA-42C7-B3CB-13667BCD7B54}.Debug|Mixed Platforms.ActiveCfg = Debug|Any CPU
		{A6FCEF44-D2BA-42C7-B3CB-13667BCD7B54}.Debug|Mixed Platforms.Build.0 = Debug|Any CPU
		{A6FCEF44-D2BA-42C7-B3CB-13667BCD7B54}.Debug|x64.ActiveCfg = Debug|Any CPU
		{A6FCEF44-D2BA-42C7-B3CB-13667BCD7B54}.Debug|x86.ActiveCfg = Debug|Any CPU
		{A6FCEF44-D2BA-42C7-B3CB-13667BCD7B54}.Release|Any CPU.ActiveCfg = Release|Any CPU
		{A6FCEF44-D2BA-42C7-B3CB-13667BCD7B54}.Release|Any CPU.Build.0 = Release|Any CPU
		{A6FCEF44-D2BA-42C7-B3CB-13667BCD7B54}.Release|ARM.ActiveCfg = Release|Any CPU
		{A6FCEF44-D2BA-42C7-B3CB-13667BCD7B54}.Release|iPhone.ActiveCfg = Release|Any CPU
		{A6FCEF44-D2BA-42C7-B3CB-13667BCD7B54}.Release|iPhoneSimulator.ActiveCfg = Release|Any CPU
		{A6FCEF44-D2BA-42C7-B3CB-13667BCD7B54}.Release|Mixed Platforms.ActiveCfg = Release|Any CPU
		{A6FCEF44-D2BA-42C7-B3CB-13667BCD7B54}.Release|Mixed Platforms.Build.0 = Release|Any CPU
		{A6FCEF44-D2BA-42C7-B3CB-13667BCD7B54}.Release|x64.ActiveCfg = Release|Any CPU
		{A6FCEF44-D2BA-42C7-B3CB-13667BCD7B54}.Release|x86.ActiveCfg = Release|Any CPU
		{6EDB0588-FFC5-4EF5-8A99-9E241D0F878D}.Ad-Hoc|Any CPU.ActiveCfg = Release|Any CPU
		{6EDB0588-FFC5-4EF5-8A99-9E241D0F878D}.Ad-Hoc|Any CPU.Build.0 = Release|Any CPU
		{6EDB0588-FFC5-4EF5-8A99-9E241D0F878D}.Ad-Hoc|ARM.ActiveCfg = Release|Any CPU
		{6EDB0588-FFC5-4EF5-8A99-9E241D0F878D}.Ad-Hoc|iPhone.ActiveCfg = Release|Any CPU
		{6EDB0588-FFC5-4EF5-8A99-9E241D0F878D}.Ad-Hoc|iPhoneSimulator.ActiveCfg = Release|Any CPU
		{6EDB0588-FFC5-4EF5-8A99-9E241D0F878D}.Ad-Hoc|Mixed Platforms.ActiveCfg = Release|Any CPU
		{6EDB0588-FFC5-4EF5-8A99-9E241D0F878D}.Ad-Hoc|Mixed Platforms.Build.0 = Release|Any CPU
		{6EDB0588-FFC5-4EF5-8A99-9E241D0F878D}.Ad-Hoc|x64.ActiveCfg = Release|Any CPU
		{6EDB0588-FFC5-4EF5-8A99-9E241D0F878D}.Ad-Hoc|x86.ActiveCfg = Release|Any CPU
		{6EDB0588-FFC5-4EF5-8A99-9E241D0F878D}.AppStore|Any CPU.ActiveCfg = Release|Any CPU
		{6EDB0588-FFC5-4EF5-8A99-9E241D0F878D}.AppStore|Any CPU.Build.0 = Release|Any CPU
		{6EDB0588-FFC5-4EF5-8A99-9E241D0F878D}.AppStore|ARM.ActiveCfg = Release|Any CPU
		{6EDB0588-FFC5-4EF5-8A99-9E241D0F878D}.AppStore|iPhone.ActiveCfg = Release|Any CPU
		{6EDB0588-FFC5-4EF5-8A99-9E241D0F878D}.AppStore|iPhoneSimulator.ActiveCfg = Release|Any CPU
		{6EDB0588-FFC5-4EF5-8A99-9E241D0F878D}.AppStore|Mixed Platforms.ActiveCfg = Release|Any CPU
		{6EDB0588-FFC5-4EF5-8A99-9E241D0F878D}.AppStore|Mixed Platforms.Build.0 = Release|Any CPU
		{6EDB0588-FFC5-4EF5-8A99-9E241D0F878D}.AppStore|x64.ActiveCfg = Release|Any CPU
		{6EDB0588-FFC5-4EF5-8A99-9E241D0F878D}.AppStore|x86.ActiveCfg = Release|Any CPU
		{6EDB0588-FFC5-4EF5-8A99-9E241D0F878D}.Debug|Any CPU.ActiveCfg = Debug|Any CPU
		{6EDB0588-FFC5-4EF5-8A99-9E241D0F878D}.Debug|Any CPU.Build.0 = Debug|Any CPU
		{6EDB0588-FFC5-4EF5-8A99-9E241D0F878D}.Debug|ARM.ActiveCfg = Debug|Any CPU
		{6EDB0588-FFC5-4EF5-8A99-9E241D0F878D}.Debug|iPhone.ActiveCfg = Debug|Any CPU
		{6EDB0588-FFC5-4EF5-8A99-9E241D0F878D}.Debug|iPhoneSimulator.ActiveCfg = Debug|Any CPU
		{6EDB0588-FFC5-4EF5-8A99-9E241D0F878D}.Debug|Mixed Platforms.ActiveCfg = Debug|Any CPU
		{6EDB0588-FFC5-4EF5-8A99-9E241D0F878D}.Debug|Mixed Platforms.Build.0 = Debug|Any CPU
		{6EDB0588-FFC5-4EF5-8A99-9E241D0F878D}.Debug|x64.ActiveCfg = Debug|Any CPU
		{6EDB0588-FFC5-4EF5-8A99-9E241D0F878D}.Debug|x86.ActiveCfg = Debug|Any CPU
		{6EDB0588-FFC5-4EF5-8A99-9E241D0F878D}.Release|Any CPU.ActiveCfg = Release|Any CPU
		{6EDB0588-FFC5-4EF5-8A99-9E241D0F878D}.Release|Any CPU.Build.0 = Release|Any CPU
		{6EDB0588-FFC5-4EF5-8A99-9E241D0F878D}.Release|ARM.ActiveCfg = Release|Any CPU
		{6EDB0588-FFC5-4EF5-8A99-9E241D0F878D}.Release|iPhone.ActiveCfg = Release|Any CPU
		{6EDB0588-FFC5-4EF5-8A99-9E241D0F878D}.Release|iPhoneSimulator.ActiveCfg = Release|Any CPU
		{6EDB0588-FFC5-4EF5-8A99-9E241D0F878D}.Release|Mixed Platforms.ActiveCfg = Release|Any CPU
		{6EDB0588-FFC5-4EF5-8A99-9E241D0F878D}.Release|Mixed Platforms.Build.0 = Release|Any CPU
		{6EDB0588-FFC5-4EF5-8A99-9E241D0F878D}.Release|x64.ActiveCfg = Release|Any CPU
		{6EDB0588-FFC5-4EF5-8A99-9E241D0F878D}.Release|x86.ActiveCfg = Release|Any CPU
		{2882AEEB-D4CD-4EB9-8A6C-6653B33681F0}.Ad-Hoc|Any CPU.ActiveCfg = Release|Any CPU
		{2882AEEB-D4CD-4EB9-8A6C-6653B33681F0}.Ad-Hoc|Any CPU.Build.0 = Release|Any CPU
		{2882AEEB-D4CD-4EB9-8A6C-6653B33681F0}.Ad-Hoc|ARM.ActiveCfg = Release|Any CPU
		{2882AEEB-D4CD-4EB9-8A6C-6653B33681F0}.Ad-Hoc|iPhone.ActiveCfg = Release|Any CPU
		{2882AEEB-D4CD-4EB9-8A6C-6653B33681F0}.Ad-Hoc|iPhoneSimulator.ActiveCfg = Release|Any CPU
		{2882AEEB-D4CD-4EB9-8A6C-6653B33681F0}.Ad-Hoc|Mixed Platforms.ActiveCfg = Release|Any CPU
		{2882AEEB-D4CD-4EB9-8A6C-6653B33681F0}.Ad-Hoc|Mixed Platforms.Build.0 = Release|Any CPU
		{2882AEEB-D4CD-4EB9-8A6C-6653B33681F0}.Ad-Hoc|x64.ActiveCfg = Release|Any CPU
		{2882AEEB-D4CD-4EB9-8A6C-6653B33681F0}.Ad-Hoc|x86.ActiveCfg = Release|Any CPU
		{2882AEEB-D4CD-4EB9-8A6C-6653B33681F0}.AppStore|Any CPU.ActiveCfg = Release|Any CPU
		{2882AEEB-D4CD-4EB9-8A6C-6653B33681F0}.AppStore|Any CPU.Build.0 = Release|Any CPU
		{2882AEEB-D4CD-4EB9-8A6C-6653B33681F0}.AppStore|ARM.ActiveCfg = Release|Any CPU
		{2882AEEB-D4CD-4EB9-8A6C-6653B33681F0}.AppStore|iPhone.ActiveCfg = Release|Any CPU
		{2882AEEB-D4CD-4EB9-8A6C-6653B33681F0}.AppStore|iPhoneSimulator.ActiveCfg = Release|Any CPU
		{2882AEEB-D4CD-4EB9-8A6C-6653B33681F0}.AppStore|Mixed Platforms.ActiveCfg = Release|Any CPU
		{2882AEEB-D4CD-4EB9-8A6C-6653B33681F0}.AppStore|Mixed Platforms.Build.0 = Release|Any CPU
		{2882AEEB-D4CD-4EB9-8A6C-6653B33681F0}.AppStore|x64.ActiveCfg = Release|Any CPU
		{2882AEEB-D4CD-4EB9-8A6C-6653B33681F0}.AppStore|x86.ActiveCfg = Release|Any CPU
		{2882AEEB-D4CD-4EB9-8A6C-6653B33681F0}.Debug|Any CPU.ActiveCfg = Debug|Any CPU
		{2882AEEB-D4CD-4EB9-8A6C-6653B33681F0}.Debug|Any CPU.Build.0 = Debug|Any CPU
		{2882AEEB-D4CD-4EB9-8A6C-6653B33681F0}.Debug|ARM.ActiveCfg = Debug|Any CPU
		{2882AEEB-D4CD-4EB9-8A6C-6653B33681F0}.Debug|iPhone.ActiveCfg = Debug|Any CPU
		{2882AEEB-D4CD-4EB9-8A6C-6653B33681F0}.Debug|iPhoneSimulator.ActiveCfg = Debug|Any CPU
		{2882AEEB-D4CD-4EB9-8A6C-6653B33681F0}.Debug|Mixed Platforms.ActiveCfg = Debug|Any CPU
		{2882AEEB-D4CD-4EB9-8A6C-6653B33681F0}.Debug|Mixed Platforms.Build.0 = Debug|Any CPU
		{2882AEEB-D4CD-4EB9-8A6C-6653B33681F0}.Debug|x64.ActiveCfg = Debug|Any CPU
		{2882AEEB-D4CD-4EB9-8A6C-6653B33681F0}.Debug|x86.ActiveCfg = Debug|Any CPU
		{2882AEEB-D4CD-4EB9-8A6C-6653B33681F0}.Release|Any CPU.ActiveCfg = Release|Any CPU
		{2882AEEB-D4CD-4EB9-8A6C-6653B33681F0}.Release|Any CPU.Build.0 = Release|Any CPU
		{2882AEEB-D4CD-4EB9-8A6C-6653B33681F0}.Release|ARM.ActiveCfg = Release|Any CPU
		{2882AEEB-D4CD-4EB9-8A6C-6653B33681F0}.Release|iPhone.ActiveCfg = Release|Any CPU
		{2882AEEB-D4CD-4EB9-8A6C-6653B33681F0}.Release|iPhoneSimulator.ActiveCfg = Release|Any CPU
		{2882AEEB-D4CD-4EB9-8A6C-6653B33681F0}.Release|Mixed Platforms.ActiveCfg = Release|Any CPU
		{2882AEEB-D4CD-4EB9-8A6C-6653B33681F0}.Release|Mixed Platforms.Build.0 = Release|Any CPU
		{2882AEEB-D4CD-4EB9-8A6C-6653B33681F0}.Release|x64.ActiveCfg = Release|Any CPU
		{2882AEEB-D4CD-4EB9-8A6C-6653B33681F0}.Release|x86.ActiveCfg = Release|Any CPU
		{56A56F17-7DE1-4CA1-9617-BF32E971AC84}.Ad-Hoc|Any CPU.ActiveCfg = Release|Any CPU
		{56A56F17-7DE1-4CA1-9617-BF32E971AC84}.Ad-Hoc|Any CPU.Build.0 = Release|Any CPU
		{56A56F17-7DE1-4CA1-9617-BF32E971AC84}.Ad-Hoc|ARM.ActiveCfg = Release|Any CPU
		{56A56F17-7DE1-4CA1-9617-BF32E971AC84}.Ad-Hoc|iPhone.ActiveCfg = Release|Any CPU
		{56A56F17-7DE1-4CA1-9617-BF32E971AC84}.Ad-Hoc|iPhoneSimulator.ActiveCfg = Release|Any CPU
		{56A56F17-7DE1-4CA1-9617-BF32E971AC84}.Ad-Hoc|Mixed Platforms.ActiveCfg = Release|Any CPU
		{56A56F17-7DE1-4CA1-9617-BF32E971AC84}.Ad-Hoc|Mixed Platforms.Build.0 = Release|Any CPU
		{56A56F17-7DE1-4CA1-9617-BF32E971AC84}.Ad-Hoc|x64.ActiveCfg = Release|Any CPU
		{56A56F17-7DE1-4CA1-9617-BF32E971AC84}.Ad-Hoc|x86.ActiveCfg = Release|Any CPU
		{56A56F17-7DE1-4CA1-9617-BF32E971AC84}.AppStore|Any CPU.ActiveCfg = Release|Any CPU
		{56A56F17-7DE1-4CA1-9617-BF32E971AC84}.AppStore|Any CPU.Build.0 = Release|Any CPU
		{56A56F17-7DE1-4CA1-9617-BF32E971AC84}.AppStore|ARM.ActiveCfg = Release|Any CPU
		{56A56F17-7DE1-4CA1-9617-BF32E971AC84}.AppStore|iPhone.ActiveCfg = Release|Any CPU
		{56A56F17-7DE1-4CA1-9617-BF32E971AC84}.AppStore|iPhoneSimulator.ActiveCfg = Release|Any CPU
		{56A56F17-7DE1-4CA1-9617-BF32E971AC84}.AppStore|Mixed Platforms.ActiveCfg = Release|Any CPU
		{56A56F17-7DE1-4CA1-9617-BF32E971AC84}.AppStore|Mixed Platforms.Build.0 = Release|Any CPU
		{56A56F17-7DE1-4CA1-9617-BF32E971AC84}.AppStore|x64.ActiveCfg = Release|Any CPU
		{56A56F17-7DE1-4CA1-9617-BF32E971AC84}.AppStore|x86.ActiveCfg = Release|Any CPU
		{56A56F17-7DE1-4CA1-9617-BF32E971AC84}.Debug|Any CPU.ActiveCfg = Debug|Any CPU
		{56A56F17-7DE1-4CA1-9617-BF32E971AC84}.Debug|Any CPU.Build.0 = Debug|Any CPU
		{56A56F17-7DE1-4CA1-9617-BF32E971AC84}.Debug|ARM.ActiveCfg = Debug|Any CPU
		{56A56F17-7DE1-4CA1-9617-BF32E971AC84}.Debug|iPhone.ActiveCfg = Debug|Any CPU
		{56A56F17-7DE1-4CA1-9617-BF32E971AC84}.Debug|iPhoneSimulator.ActiveCfg = Debug|Any CPU
		{56A56F17-7DE1-4CA1-9617-BF32E971AC84}.Debug|Mixed Platforms.ActiveCfg = Debug|Any CPU
		{56A56F17-7DE1-4CA1-9617-BF32E971AC84}.Debug|Mixed Platforms.Build.0 = Debug|Any CPU
		{56A56F17-7DE1-4CA1-9617-BF32E971AC84}.Debug|x64.ActiveCfg = Debug|Any CPU
		{56A56F17-7DE1-4CA1-9617-BF32E971AC84}.Debug|x86.ActiveCfg = Debug|Any CPU
		{56A56F17-7DE1-4CA1-9617-BF32E971AC84}.Release|Any CPU.ActiveCfg = Release|Any CPU
		{56A56F17-7DE1-4CA1-9617-BF32E971AC84}.Release|Any CPU.Build.0 = Release|Any CPU
		{56A56F17-7DE1-4CA1-9617-BF32E971AC84}.Release|ARM.ActiveCfg = Release|Any CPU
		{56A56F17-7DE1-4CA1-9617-BF32E971AC84}.Release|iPhone.ActiveCfg = Release|Any CPU
		{56A56F17-7DE1-4CA1-9617-BF32E971AC84}.Release|iPhoneSimulator.ActiveCfg = Release|Any CPU
		{56A56F17-7DE1-4CA1-9617-BF32E971AC84}.Release|Mixed Platforms.ActiveCfg = Release|Any CPU
		{56A56F17-7DE1-4CA1-9617-BF32E971AC84}.Release|Mixed Platforms.Build.0 = Release|Any CPU
		{56A56F17-7DE1-4CA1-9617-BF32E971AC84}.Release|x64.ActiveCfg = Release|Any CPU
		{56A56F17-7DE1-4CA1-9617-BF32E971AC84}.Release|x86.ActiveCfg = Release|Any CPU
		{5876144B-47DD-4C4E-B421-BC03F191B996}.Ad-Hoc|Any CPU.ActiveCfg = Release|Any CPU
		{5876144B-47DD-4C4E-B421-BC03F191B996}.Ad-Hoc|Any CPU.Build.0 = Release|Any CPU
		{5876144B-47DD-4C4E-B421-BC03F191B996}.Ad-Hoc|ARM.ActiveCfg = Release|ARM
		{5876144B-47DD-4C4E-B421-BC03F191B996}.Ad-Hoc|ARM.Build.0 = Release|ARM
		{5876144B-47DD-4C4E-B421-BC03F191B996}.Ad-Hoc|iPhone.ActiveCfg = Release|Any CPU
		{5876144B-47DD-4C4E-B421-BC03F191B996}.Ad-Hoc|iPhoneSimulator.ActiveCfg = Release|Any CPU
		{5876144B-47DD-4C4E-B421-BC03F191B996}.Ad-Hoc|Mixed Platforms.ActiveCfg = Release|x86
		{5876144B-47DD-4C4E-B421-BC03F191B996}.Ad-Hoc|Mixed Platforms.Build.0 = Release|x86
		{5876144B-47DD-4C4E-B421-BC03F191B996}.Ad-Hoc|x64.ActiveCfg = Release|Any CPU
		{5876144B-47DD-4C4E-B421-BC03F191B996}.Ad-Hoc|x86.ActiveCfg = Release|x86
		{5876144B-47DD-4C4E-B421-BC03F191B996}.Ad-Hoc|x86.Build.0 = Release|x86
		{5876144B-47DD-4C4E-B421-BC03F191B996}.AppStore|Any CPU.ActiveCfg = Release|Any CPU
		{5876144B-47DD-4C4E-B421-BC03F191B996}.AppStore|Any CPU.Build.0 = Release|Any CPU
		{5876144B-47DD-4C4E-B421-BC03F191B996}.AppStore|ARM.ActiveCfg = Release|ARM
		{5876144B-47DD-4C4E-B421-BC03F191B996}.AppStore|ARM.Build.0 = Release|ARM
		{5876144B-47DD-4C4E-B421-BC03F191B996}.AppStore|iPhone.ActiveCfg = Release|Any CPU
		{5876144B-47DD-4C4E-B421-BC03F191B996}.AppStore|iPhoneSimulator.ActiveCfg = Release|Any CPU
		{5876144B-47DD-4C4E-B421-BC03F191B996}.AppStore|Mixed Platforms.ActiveCfg = Release|x86
		{5876144B-47DD-4C4E-B421-BC03F191B996}.AppStore|Mixed Platforms.Build.0 = Release|x86
		{5876144B-47DD-4C4E-B421-BC03F191B996}.AppStore|x64.ActiveCfg = Release|Any CPU
		{5876144B-47DD-4C4E-B421-BC03F191B996}.AppStore|x86.ActiveCfg = Release|x86
		{5876144B-47DD-4C4E-B421-BC03F191B996}.AppStore|x86.Build.0 = Release|x86
		{5876144B-47DD-4C4E-B421-BC03F191B996}.Debug|Any CPU.ActiveCfg = Debug|Any CPU
		{5876144B-47DD-4C4E-B421-BC03F191B996}.Debug|Any CPU.Build.0 = Debug|Any CPU
		{5876144B-47DD-4C4E-B421-BC03F191B996}.Debug|ARM.ActiveCfg = Debug|ARM
		{5876144B-47DD-4C4E-B421-BC03F191B996}.Debug|ARM.Build.0 = Debug|ARM
		{5876144B-47DD-4C4E-B421-BC03F191B996}.Debug|iPhone.ActiveCfg = Debug|Any CPU
		{5876144B-47DD-4C4E-B421-BC03F191B996}.Debug|iPhoneSimulator.ActiveCfg = Debug|Any CPU
		{5876144B-47DD-4C4E-B421-BC03F191B996}.Debug|Mixed Platforms.ActiveCfg = Debug|x86
		{5876144B-47DD-4C4E-B421-BC03F191B996}.Debug|Mixed Platforms.Build.0 = Debug|x86
		{5876144B-47DD-4C4E-B421-BC03F191B996}.Debug|x64.ActiveCfg = Debug|Any CPU
		{5876144B-47DD-4C4E-B421-BC03F191B996}.Debug|x86.ActiveCfg = Debug|x86
		{5876144B-47DD-4C4E-B421-BC03F191B996}.Debug|x86.Build.0 = Debug|x86
		{5876144B-47DD-4C4E-B421-BC03F191B996}.Release|Any CPU.ActiveCfg = Release|Any CPU
		{5876144B-47DD-4C4E-B421-BC03F191B996}.Release|Any CPU.Build.0 = Release|Any CPU
		{5876144B-47DD-4C4E-B421-BC03F191B996}.Release|ARM.ActiveCfg = Release|ARM
		{5876144B-47DD-4C4E-B421-BC03F191B996}.Release|ARM.Build.0 = Release|ARM
		{5876144B-47DD-4C4E-B421-BC03F191B996}.Release|iPhone.ActiveCfg = Release|Any CPU
		{5876144B-47DD-4C4E-B421-BC03F191B996}.Release|iPhoneSimulator.ActiveCfg = Release|Any CPU
		{5876144B-47DD-4C4E-B421-BC03F191B996}.Release|Mixed Platforms.ActiveCfg = Release|x86
		{5876144B-47DD-4C4E-B421-BC03F191B996}.Release|Mixed Platforms.Build.0 = Release|x86
		{5876144B-47DD-4C4E-B421-BC03F191B996}.Release|x64.ActiveCfg = Release|Any CPU
		{5876144B-47DD-4C4E-B421-BC03F191B996}.Release|x86.ActiveCfg = Release|x86
		{5876144B-47DD-4C4E-B421-BC03F191B996}.Release|x86.Build.0 = Release|x86
		{7169373F-0B82-4E5D-9129-7CC3065B90FA}.Ad-Hoc|Any CPU.ActiveCfg = Release|Any CPU
		{7169373F-0B82-4E5D-9129-7CC3065B90FA}.Ad-Hoc|Any CPU.Build.0 = Release|Any CPU
		{7169373F-0B82-4E5D-9129-7CC3065B90FA}.Ad-Hoc|ARM.ActiveCfg = Release|ARM
		{7169373F-0B82-4E5D-9129-7CC3065B90FA}.Ad-Hoc|ARM.Build.0 = Release|ARM
		{7169373F-0B82-4E5D-9129-7CC3065B90FA}.Ad-Hoc|iPhone.ActiveCfg = Release|Any CPU
		{7169373F-0B82-4E5D-9129-7CC3065B90FA}.Ad-Hoc|iPhoneSimulator.ActiveCfg = Release|Any CPU
		{7169373F-0B82-4E5D-9129-7CC3065B90FA}.Ad-Hoc|Mixed Platforms.ActiveCfg = Release|x86
		{7169373F-0B82-4E5D-9129-7CC3065B90FA}.Ad-Hoc|Mixed Platforms.Build.0 = Release|x86
		{7169373F-0B82-4E5D-9129-7CC3065B90FA}.Ad-Hoc|x64.ActiveCfg = Release|Any CPU
		{7169373F-0B82-4E5D-9129-7CC3065B90FA}.Ad-Hoc|x86.ActiveCfg = Release|x86
		{7169373F-0B82-4E5D-9129-7CC3065B90FA}.Ad-Hoc|x86.Build.0 = Release|x86
		{7169373F-0B82-4E5D-9129-7CC3065B90FA}.AppStore|Any CPU.ActiveCfg = Release|Any CPU
		{7169373F-0B82-4E5D-9129-7CC3065B90FA}.AppStore|Any CPU.Build.0 = Release|Any CPU
		{7169373F-0B82-4E5D-9129-7CC3065B90FA}.AppStore|ARM.ActiveCfg = Release|ARM
		{7169373F-0B82-4E5D-9129-7CC3065B90FA}.AppStore|ARM.Build.0 = Release|ARM
		{7169373F-0B82-4E5D-9129-7CC3065B90FA}.AppStore|iPhone.ActiveCfg = Release|Any CPU
		{7169373F-0B82-4E5D-9129-7CC3065B90FA}.AppStore|iPhoneSimulator.ActiveCfg = Release|Any CPU
		{7169373F-0B82-4E5D-9129-7CC3065B90FA}.AppStore|Mixed Platforms.ActiveCfg = Release|x86
		{7169373F-0B82-4E5D-9129-7CC3065B90FA}.AppStore|Mixed Platforms.Build.0 = Release|x86
		{7169373F-0B82-4E5D-9129-7CC3065B90FA}.AppStore|x64.ActiveCfg = Release|Any CPU
		{7169373F-0B82-4E5D-9129-7CC3065B90FA}.AppStore|x86.ActiveCfg = Release|x86
		{7169373F-0B82-4E5D-9129-7CC3065B90FA}.AppStore|x86.Build.0 = Release|x86
		{7169373F-0B82-4E5D-9129-7CC3065B90FA}.Debug|Any CPU.ActiveCfg = Debug|Any CPU
		{7169373F-0B82-4E5D-9129-7CC3065B90FA}.Debug|Any CPU.Build.0 = Debug|Any CPU
		{7169373F-0B82-4E5D-9129-7CC3065B90FA}.Debug|ARM.ActiveCfg = Debug|ARM
		{7169373F-0B82-4E5D-9129-7CC3065B90FA}.Debug|ARM.Build.0 = Debug|ARM
		{7169373F-0B82-4E5D-9129-7CC3065B90FA}.Debug|iPhone.ActiveCfg = Debug|Any CPU
		{7169373F-0B82-4E5D-9129-7CC3065B90FA}.Debug|iPhoneSimulator.ActiveCfg = Debug|Any CPU
		{7169373F-0B82-4E5D-9129-7CC3065B90FA}.Debug|Mixed Platforms.ActiveCfg = Debug|x86
		{7169373F-0B82-4E5D-9129-7CC3065B90FA}.Debug|Mixed Platforms.Build.0 = Debug|x86
		{7169373F-0B82-4E5D-9129-7CC3065B90FA}.Debug|x64.ActiveCfg = Debug|Any CPU
		{7169373F-0B82-4E5D-9129-7CC3065B90FA}.Debug|x86.ActiveCfg = Debug|x86
		{7169373F-0B82-4E5D-9129-7CC3065B90FA}.Debug|x86.Build.0 = Debug|x86
		{7169373F-0B82-4E5D-9129-7CC3065B90FA}.Release|Any CPU.ActiveCfg = Release|Any CPU
		{7169373F-0B82-4E5D-9129-7CC3065B90FA}.Release|Any CPU.Build.0 = Release|Any CPU
		{7169373F-0B82-4E5D-9129-7CC3065B90FA}.Release|ARM.ActiveCfg = Release|ARM
		{7169373F-0B82-4E5D-9129-7CC3065B90FA}.Release|ARM.Build.0 = Release|ARM
		{7169373F-0B82-4E5D-9129-7CC3065B90FA}.Release|iPhone.ActiveCfg = Release|Any CPU
		{7169373F-0B82-4E5D-9129-7CC3065B90FA}.Release|iPhoneSimulator.ActiveCfg = Release|Any CPU
		{7169373F-0B82-4E5D-9129-7CC3065B90FA}.Release|Mixed Platforms.ActiveCfg = Release|x86
		{7169373F-0B82-4E5D-9129-7CC3065B90FA}.Release|Mixed Platforms.Build.0 = Release|x86
		{7169373F-0B82-4E5D-9129-7CC3065B90FA}.Release|x64.ActiveCfg = Release|Any CPU
		{7169373F-0B82-4E5D-9129-7CC3065B90FA}.Release|x86.ActiveCfg = Release|x86
		{7169373F-0B82-4E5D-9129-7CC3065B90FA}.Release|x86.Build.0 = Release|x86
		{ED9A4CA1-C04C-457D-9A2E-7995CCF12356}.Ad-Hoc|Any CPU.ActiveCfg = Release|Any CPU
		{ED9A4CA1-C04C-457D-9A2E-7995CCF12356}.Ad-Hoc|Any CPU.Build.0 = Release|Any CPU
		{ED9A4CA1-C04C-457D-9A2E-7995CCF12356}.Ad-Hoc|ARM.ActiveCfg = Release|ARM
		{ED9A4CA1-C04C-457D-9A2E-7995CCF12356}.Ad-Hoc|ARM.Build.0 = Release|ARM
		{ED9A4CA1-C04C-457D-9A2E-7995CCF12356}.Ad-Hoc|iPhone.ActiveCfg = Release|Any CPU
		{ED9A4CA1-C04C-457D-9A2E-7995CCF12356}.Ad-Hoc|iPhoneSimulator.ActiveCfg = Release|Any CPU
		{ED9A4CA1-C04C-457D-9A2E-7995CCF12356}.Ad-Hoc|Mixed Platforms.ActiveCfg = Release|x86
		{ED9A4CA1-C04C-457D-9A2E-7995CCF12356}.Ad-Hoc|Mixed Platforms.Build.0 = Release|x86
		{ED9A4CA1-C04C-457D-9A2E-7995CCF12356}.Ad-Hoc|x64.ActiveCfg = Release|x64
		{ED9A4CA1-C04C-457D-9A2E-7995CCF12356}.Ad-Hoc|x64.Build.0 = Release|x64
		{ED9A4CA1-C04C-457D-9A2E-7995CCF12356}.Ad-Hoc|x86.ActiveCfg = Release|x86
		{ED9A4CA1-C04C-457D-9A2E-7995CCF12356}.Ad-Hoc|x86.Build.0 = Release|x86
		{ED9A4CA1-C04C-457D-9A2E-7995CCF12356}.AppStore|Any CPU.ActiveCfg = Release|Any CPU
		{ED9A4CA1-C04C-457D-9A2E-7995CCF12356}.AppStore|Any CPU.Build.0 = Release|Any CPU
		{ED9A4CA1-C04C-457D-9A2E-7995CCF12356}.AppStore|ARM.ActiveCfg = Release|ARM
		{ED9A4CA1-C04C-457D-9A2E-7995CCF12356}.AppStore|ARM.Build.0 = Release|ARM
		{ED9A4CA1-C04C-457D-9A2E-7995CCF12356}.AppStore|iPhone.ActiveCfg = Release|Any CPU
		{ED9A4CA1-C04C-457D-9A2E-7995CCF12356}.AppStore|iPhoneSimulator.ActiveCfg = Release|Any CPU
		{ED9A4CA1-C04C-457D-9A2E-7995CCF12356}.AppStore|Mixed Platforms.ActiveCfg = Release|x86
		{ED9A4CA1-C04C-457D-9A2E-7995CCF12356}.AppStore|Mixed Platforms.Build.0 = Release|x86
		{ED9A4CA1-C04C-457D-9A2E-7995CCF12356}.AppStore|x64.ActiveCfg = Release|x64
		{ED9A4CA1-C04C-457D-9A2E-7995CCF12356}.AppStore|x64.Build.0 = Release|x64
		{ED9A4CA1-C04C-457D-9A2E-7995CCF12356}.AppStore|x86.ActiveCfg = Release|x86
		{ED9A4CA1-C04C-457D-9A2E-7995CCF12356}.AppStore|x86.Build.0 = Release|x86
		{ED9A4CA1-C04C-457D-9A2E-7995CCF12356}.Debug|Any CPU.ActiveCfg = Debug|Any CPU
		{ED9A4CA1-C04C-457D-9A2E-7995CCF12356}.Debug|Any CPU.Build.0 = Debug|Any CPU
		{ED9A4CA1-C04C-457D-9A2E-7995CCF12356}.Debug|ARM.ActiveCfg = Debug|ARM
		{ED9A4CA1-C04C-457D-9A2E-7995CCF12356}.Debug|ARM.Build.0 = Debug|ARM
		{ED9A4CA1-C04C-457D-9A2E-7995CCF12356}.Debug|iPhone.ActiveCfg = Debug|Any CPU
		{ED9A4CA1-C04C-457D-9A2E-7995CCF12356}.Debug|iPhoneSimulator.ActiveCfg = Debug|Any CPU
		{ED9A4CA1-C04C-457D-9A2E-7995CCF12356}.Debug|Mixed Platforms.ActiveCfg = Debug|x86
		{ED9A4CA1-C04C-457D-9A2E-7995CCF12356}.Debug|Mixed Platforms.Build.0 = Debug|x86
		{ED9A4CA1-C04C-457D-9A2E-7995CCF12356}.Debug|x64.ActiveCfg = Debug|x64
		{ED9A4CA1-C04C-457D-9A2E-7995CCF12356}.Debug|x64.Build.0 = Debug|x64
		{ED9A4CA1-C04C-457D-9A2E-7995CCF12356}.Debug|x86.ActiveCfg = Debug|x86
		{ED9A4CA1-C04C-457D-9A2E-7995CCF12356}.Debug|x86.Build.0 = Debug|x86
		{ED9A4CA1-C04C-457D-9A2E-7995CCF12356}.Release|Any CPU.ActiveCfg = Release|Any CPU
		{ED9A4CA1-C04C-457D-9A2E-7995CCF12356}.Release|Any CPU.Build.0 = Release|Any CPU
		{ED9A4CA1-C04C-457D-9A2E-7995CCF12356}.Release|ARM.ActiveCfg = Release|ARM
		{ED9A4CA1-C04C-457D-9A2E-7995CCF12356}.Release|ARM.Build.0 = Release|ARM
		{ED9A4CA1-C04C-457D-9A2E-7995CCF12356}.Release|iPhone.ActiveCfg = Release|Any CPU
		{ED9A4CA1-C04C-457D-9A2E-7995CCF12356}.Release|iPhoneSimulator.ActiveCfg = Release|Any CPU
		{ED9A4CA1-C04C-457D-9A2E-7995CCF12356}.Release|Mixed Platforms.ActiveCfg = Release|x86
		{ED9A4CA1-C04C-457D-9A2E-7995CCF12356}.Release|Mixed Platforms.Build.0 = Release|x86
		{ED9A4CA1-C04C-457D-9A2E-7995CCF12356}.Release|x64.ActiveCfg = Release|x64
		{ED9A4CA1-C04C-457D-9A2E-7995CCF12356}.Release|x64.Build.0 = Release|x64
		{ED9A4CA1-C04C-457D-9A2E-7995CCF12356}.Release|x86.ActiveCfg = Release|x86
		{ED9A4CA1-C04C-457D-9A2E-7995CCF12356}.Release|x86.Build.0 = Release|x86
		{29CE3F18-4038-4686-936D-AB164D5C8B74}.Ad-Hoc|Any CPU.ActiveCfg = Release|Any CPU
		{29CE3F18-4038-4686-936D-AB164D5C8B74}.Ad-Hoc|Any CPU.Build.0 = Release|Any CPU
		{29CE3F18-4038-4686-936D-AB164D5C8B74}.Ad-Hoc|ARM.ActiveCfg = Release|Any CPU
		{29CE3F18-4038-4686-936D-AB164D5C8B74}.Ad-Hoc|iPhone.ActiveCfg = Release|Any CPU
		{29CE3F18-4038-4686-936D-AB164D5C8B74}.Ad-Hoc|iPhoneSimulator.ActiveCfg = Release|Any CPU
		{29CE3F18-4038-4686-936D-AB164D5C8B74}.Ad-Hoc|Mixed Platforms.ActiveCfg = Release|Any CPU
		{29CE3F18-4038-4686-936D-AB164D5C8B74}.Ad-Hoc|Mixed Platforms.Build.0 = Release|Any CPU
		{29CE3F18-4038-4686-936D-AB164D5C8B74}.Ad-Hoc|x64.ActiveCfg = Release|Any CPU
		{29CE3F18-4038-4686-936D-AB164D5C8B74}.Ad-Hoc|x86.ActiveCfg = Release|Any CPU
		{29CE3F18-4038-4686-936D-AB164D5C8B74}.AppStore|Any CPU.ActiveCfg = Release|Any CPU
		{29CE3F18-4038-4686-936D-AB164D5C8B74}.AppStore|Any CPU.Build.0 = Release|Any CPU
		{29CE3F18-4038-4686-936D-AB164D5C8B74}.AppStore|ARM.ActiveCfg = Release|Any CPU
		{29CE3F18-4038-4686-936D-AB164D5C8B74}.AppStore|iPhone.ActiveCfg = Release|Any CPU
		{29CE3F18-4038-4686-936D-AB164D5C8B74}.AppStore|iPhoneSimulator.ActiveCfg = Release|Any CPU
		{29CE3F18-4038-4686-936D-AB164D5C8B74}.AppStore|Mixed Platforms.ActiveCfg = Release|Any CPU
		{29CE3F18-4038-4686-936D-AB164D5C8B74}.AppStore|Mixed Platforms.Build.0 = Release|Any CPU
		{29CE3F18-4038-4686-936D-AB164D5C8B74}.AppStore|x64.ActiveCfg = Release|Any CPU
		{29CE3F18-4038-4686-936D-AB164D5C8B74}.AppStore|x86.ActiveCfg = Release|Any CPU
		{29CE3F18-4038-4686-936D-AB164D5C8B74}.Debug|Any CPU.ActiveCfg = Debug|Any CPU
		{29CE3F18-4038-4686-936D-AB164D5C8B74}.Debug|Any CPU.Build.0 = Debug|Any CPU
		{29CE3F18-4038-4686-936D-AB164D5C8B74}.Debug|ARM.ActiveCfg = Debug|Any CPU
		{29CE3F18-4038-4686-936D-AB164D5C8B74}.Debug|iPhone.ActiveCfg = Debug|Any CPU
		{29CE3F18-4038-4686-936D-AB164D5C8B74}.Debug|iPhoneSimulator.ActiveCfg = Debug|Any CPU
		{29CE3F18-4038-4686-936D-AB164D5C8B74}.Debug|Mixed Platforms.ActiveCfg = Debug|Any CPU
		{29CE3F18-4038-4686-936D-AB164D5C8B74}.Debug|Mixed Platforms.Build.0 = Debug|Any CPU
		{29CE3F18-4038-4686-936D-AB164D5C8B74}.Debug|x64.ActiveCfg = Debug|Any CPU
		{29CE3F18-4038-4686-936D-AB164D5C8B74}.Debug|x86.ActiveCfg = Debug|Any CPU
		{29CE3F18-4038-4686-936D-AB164D5C8B74}.Release|Any CPU.ActiveCfg = Release|Any CPU
		{29CE3F18-4038-4686-936D-AB164D5C8B74}.Release|Any CPU.Build.0 = Release|Any CPU
		{29CE3F18-4038-4686-936D-AB164D5C8B74}.Release|ARM.ActiveCfg = Release|Any CPU
		{29CE3F18-4038-4686-936D-AB164D5C8B74}.Release|iPhone.ActiveCfg = Release|Any CPU
		{29CE3F18-4038-4686-936D-AB164D5C8B74}.Release|iPhoneSimulator.ActiveCfg = Release|Any CPU
		{29CE3F18-4038-4686-936D-AB164D5C8B74}.Release|Mixed Platforms.ActiveCfg = Release|Any CPU
		{29CE3F18-4038-4686-936D-AB164D5C8B74}.Release|Mixed Platforms.Build.0 = Release|Any CPU
		{29CE3F18-4038-4686-936D-AB164D5C8B74}.Release|x64.ActiveCfg = Release|Any CPU
		{29CE3F18-4038-4686-936D-AB164D5C8B74}.Release|x86.ActiveCfg = Release|Any CPU
		{47833E48-D923-4C4C-AE53-9E9F565CAF7C}.Ad-Hoc|Any CPU.ActiveCfg = Release|Any CPU
		{47833E48-D923-4C4C-AE53-9E9F565CAF7C}.Ad-Hoc|Any CPU.Build.0 = Release|Any CPU
		{47833E48-D923-4C4C-AE53-9E9F565CAF7C}.Ad-Hoc|ARM.ActiveCfg = Release|Any CPU
		{47833E48-D923-4C4C-AE53-9E9F565CAF7C}.Ad-Hoc|iPhone.ActiveCfg = Release|Any CPU
		{47833E48-D923-4C4C-AE53-9E9F565CAF7C}.Ad-Hoc|iPhoneSimulator.ActiveCfg = Release|Any CPU
		{47833E48-D923-4C4C-AE53-9E9F565CAF7C}.Ad-Hoc|Mixed Platforms.ActiveCfg = Release|Any CPU
		{47833E48-D923-4C4C-AE53-9E9F565CAF7C}.Ad-Hoc|Mixed Platforms.Build.0 = Release|Any CPU
		{47833E48-D923-4C4C-AE53-9E9F565CAF7C}.Ad-Hoc|x64.ActiveCfg = Release|Any CPU
		{47833E48-D923-4C4C-AE53-9E9F565CAF7C}.Ad-Hoc|x86.ActiveCfg = Release|Any CPU
		{47833E48-D923-4C4C-AE53-9E9F565CAF7C}.AppStore|Any CPU.ActiveCfg = Release|Any CPU
		{47833E48-D923-4C4C-AE53-9E9F565CAF7C}.AppStore|Any CPU.Build.0 = Release|Any CPU
		{47833E48-D923-4C4C-AE53-9E9F565CAF7C}.AppStore|ARM.ActiveCfg = Release|Any CPU
		{47833E48-D923-4C4C-AE53-9E9F565CAF7C}.AppStore|iPhone.ActiveCfg = Release|Any CPU
		{47833E48-D923-4C4C-AE53-9E9F565CAF7C}.AppStore|iPhoneSimulator.ActiveCfg = Release|Any CPU
		{47833E48-D923-4C4C-AE53-9E9F565CAF7C}.AppStore|Mixed Platforms.ActiveCfg = Release|Any CPU
		{47833E48-D923-4C4C-AE53-9E9F565CAF7C}.AppStore|Mixed Platforms.Build.0 = Release|Any CPU
		{47833E48-D923-4C4C-AE53-9E9F565CAF7C}.AppStore|x64.ActiveCfg = Release|Any CPU
		{47833E48-D923-4C4C-AE53-9E9F565CAF7C}.AppStore|x86.ActiveCfg = Release|Any CPU
		{47833E48-D923-4C4C-AE53-9E9F565CAF7C}.Debug|Any CPU.ActiveCfg = Debug|Any CPU
		{47833E48-D923-4C4C-AE53-9E9F565CAF7C}.Debug|Any CPU.Build.0 = Debug|Any CPU
		{47833E48-D923-4C4C-AE53-9E9F565CAF7C}.Debug|ARM.ActiveCfg = Debug|Any CPU
		{47833E48-D923-4C4C-AE53-9E9F565CAF7C}.Debug|iPhone.ActiveCfg = Debug|Any CPU
		{47833E48-D923-4C4C-AE53-9E9F565CAF7C}.Debug|iPhoneSimulator.ActiveCfg = Debug|Any CPU
		{47833E48-D923-4C4C-AE53-9E9F565CAF7C}.Debug|Mixed Platforms.ActiveCfg = Debug|Any CPU
		{47833E48-D923-4C4C-AE53-9E9F565CAF7C}.Debug|Mixed Platforms.Build.0 = Debug|Any CPU
		{47833E48-D923-4C4C-AE53-9E9F565CAF7C}.Debug|x64.ActiveCfg = Debug|Any CPU
		{47833E48-D923-4C4C-AE53-9E9F565CAF7C}.Debug|x86.ActiveCfg = Debug|Any CPU
		{47833E48-D923-4C4C-AE53-9E9F565CAF7C}.Release|Any CPU.ActiveCfg = Release|Any CPU
		{47833E48-D923-4C4C-AE53-9E9F565CAF7C}.Release|Any CPU.Build.0 = Release|Any CPU
		{47833E48-D923-4C4C-AE53-9E9F565CAF7C}.Release|ARM.ActiveCfg = Release|Any CPU
		{47833E48-D923-4C4C-AE53-9E9F565CAF7C}.Release|iPhone.ActiveCfg = Release|Any CPU
		{47833E48-D923-4C4C-AE53-9E9F565CAF7C}.Release|iPhoneSimulator.ActiveCfg = Release|Any CPU
		{47833E48-D923-4C4C-AE53-9E9F565CAF7C}.Release|Mixed Platforms.ActiveCfg = Release|Any CPU
		{47833E48-D923-4C4C-AE53-9E9F565CAF7C}.Release|Mixed Platforms.Build.0 = Release|Any CPU
		{47833E48-D923-4C4C-AE53-9E9F565CAF7C}.Release|x64.ActiveCfg = Release|Any CPU
		{47833E48-D923-4C4C-AE53-9E9F565CAF7C}.Release|x86.ActiveCfg = Release|Any CPU
		{22FCB56B-DE2C-4B00-B86C-E2DEBCB45000}.Ad-Hoc|Any CPU.ActiveCfg = Release|Any CPU
		{22FCB56B-DE2C-4B00-B86C-E2DEBCB45000}.Ad-Hoc|Any CPU.Build.0 = Release|Any CPU
		{22FCB56B-DE2C-4B00-B86C-E2DEBCB45000}.Ad-Hoc|ARM.ActiveCfg = Release|Any CPU
		{22FCB56B-DE2C-4B00-B86C-E2DEBCB45000}.Ad-Hoc|iPhone.ActiveCfg = Release|Any CPU
		{22FCB56B-DE2C-4B00-B86C-E2DEBCB45000}.Ad-Hoc|iPhoneSimulator.ActiveCfg = Release|Any CPU
		{22FCB56B-DE2C-4B00-B86C-E2DEBCB45000}.Ad-Hoc|Mixed Platforms.ActiveCfg = Release|Any CPU
		{22FCB56B-DE2C-4B00-B86C-E2DEBCB45000}.Ad-Hoc|Mixed Platforms.Build.0 = Release|Any CPU
		{22FCB56B-DE2C-4B00-B86C-E2DEBCB45000}.Ad-Hoc|x64.ActiveCfg = Release|Any CPU
		{22FCB56B-DE2C-4B00-B86C-E2DEBCB45000}.Ad-Hoc|x86.ActiveCfg = Release|Any CPU
		{22FCB56B-DE2C-4B00-B86C-E2DEBCB45000}.AppStore|Any CPU.ActiveCfg = Release|Any CPU
		{22FCB56B-DE2C-4B00-B86C-E2DEBCB45000}.AppStore|Any CPU.Build.0 = Release|Any CPU
		{22FCB56B-DE2C-4B00-B86C-E2DEBCB45000}.AppStore|ARM.ActiveCfg = Release|Any CPU
		{22FCB56B-DE2C-4B00-B86C-E2DEBCB45000}.AppStore|iPhone.ActiveCfg = Release|Any CPU
		{22FCB56B-DE2C-4B00-B86C-E2DEBCB45000}.AppStore|iPhoneSimulator.ActiveCfg = Release|Any CPU
		{22FCB56B-DE2C-4B00-B86C-E2DEBCB45000}.AppStore|Mixed Platforms.ActiveCfg = Release|Any CPU
		{22FCB56B-DE2C-4B00-B86C-E2DEBCB45000}.AppStore|Mixed Platforms.Build.0 = Release|Any CPU
		{22FCB56B-DE2C-4B00-B86C-E2DEBCB45000}.AppStore|x64.ActiveCfg = Release|Any CPU
		{22FCB56B-DE2C-4B00-B86C-E2DEBCB45000}.AppStore|x86.ActiveCfg = Release|Any CPU
		{22FCB56B-DE2C-4B00-B86C-E2DEBCB45000}.Debug|Any CPU.ActiveCfg = Debug|Any CPU
		{22FCB56B-DE2C-4B00-B86C-E2DEBCB45000}.Debug|Any CPU.Build.0 = Debug|Any CPU
		{22FCB56B-DE2C-4B00-B86C-E2DEBCB45000}.Debug|ARM.ActiveCfg = Debug|Any CPU
		{22FCB56B-DE2C-4B00-B86C-E2DEBCB45000}.Debug|iPhone.ActiveCfg = Debug|Any CPU
		{22FCB56B-DE2C-4B00-B86C-E2DEBCB45000}.Debug|iPhoneSimulator.ActiveCfg = Debug|Any CPU
		{22FCB56B-DE2C-4B00-B86C-E2DEBCB45000}.Debug|Mixed Platforms.ActiveCfg = Debug|Any CPU
		{22FCB56B-DE2C-4B00-B86C-E2DEBCB45000}.Debug|Mixed Platforms.Build.0 = Debug|Any CPU
		{22FCB56B-DE2C-4B00-B86C-E2DEBCB45000}.Debug|x64.ActiveCfg = Debug|Any CPU
		{22FCB56B-DE2C-4B00-B86C-E2DEBCB45000}.Debug|x86.ActiveCfg = Debug|Any CPU
		{22FCB56B-DE2C-4B00-B86C-E2DEBCB45000}.Release|Any CPU.ActiveCfg = Release|Any CPU
		{22FCB56B-DE2C-4B00-B86C-E2DEBCB45000}.Release|Any CPU.Build.0 = Release|Any CPU
		{22FCB56B-DE2C-4B00-B86C-E2DEBCB45000}.Release|ARM.ActiveCfg = Release|Any CPU
		{22FCB56B-DE2C-4B00-B86C-E2DEBCB45000}.Release|iPhone.ActiveCfg = Release|Any CPU
		{22FCB56B-DE2C-4B00-B86C-E2DEBCB45000}.Release|iPhoneSimulator.ActiveCfg = Release|Any CPU
		{22FCB56B-DE2C-4B00-B86C-E2DEBCB45000}.Release|Mixed Platforms.ActiveCfg = Release|Any CPU
		{22FCB56B-DE2C-4B00-B86C-E2DEBCB45000}.Release|Mixed Platforms.Build.0 = Release|Any CPU
		{22FCB56B-DE2C-4B00-B86C-E2DEBCB45000}.Release|x64.ActiveCfg = Release|Any CPU
		{22FCB56B-DE2C-4B00-B86C-E2DEBCB45000}.Release|x86.ActiveCfg = Release|Any CPU
		{C311E8BC-1D77-418F-BBAE-6B858178722B}.Ad-Hoc|Any CPU.ActiveCfg = Release|Any CPU
		{C311E8BC-1D77-418F-BBAE-6B858178722B}.Ad-Hoc|Any CPU.Build.0 = Release|Any CPU
		{C311E8BC-1D77-418F-BBAE-6B858178722B}.Ad-Hoc|ARM.ActiveCfg = Release|Any CPU
		{C311E8BC-1D77-418F-BBAE-6B858178722B}.Ad-Hoc|iPhone.ActiveCfg = Release|Any CPU
		{C311E8BC-1D77-418F-BBAE-6B858178722B}.Ad-Hoc|iPhoneSimulator.ActiveCfg = Release|Any CPU
		{C311E8BC-1D77-418F-BBAE-6B858178722B}.Ad-Hoc|Mixed Platforms.ActiveCfg = Release|Any CPU
		{C311E8BC-1D77-418F-BBAE-6B858178722B}.Ad-Hoc|Mixed Platforms.Build.0 = Release|Any CPU
		{C311E8BC-1D77-418F-BBAE-6B858178722B}.Ad-Hoc|x64.ActiveCfg = Release|Any CPU
		{C311E8BC-1D77-418F-BBAE-6B858178722B}.Ad-Hoc|x86.ActiveCfg = Release|Any CPU
		{C311E8BC-1D77-418F-BBAE-6B858178722B}.AppStore|Any CPU.ActiveCfg = Release|Any CPU
		{C311E8BC-1D77-418F-BBAE-6B858178722B}.AppStore|Any CPU.Build.0 = Release|Any CPU
		{C311E8BC-1D77-418F-BBAE-6B858178722B}.AppStore|ARM.ActiveCfg = Release|Any CPU
		{C311E8BC-1D77-418F-BBAE-6B858178722B}.AppStore|iPhone.ActiveCfg = Release|Any CPU
		{C311E8BC-1D77-418F-BBAE-6B858178722B}.AppStore|iPhoneSimulator.ActiveCfg = Release|Any CPU
		{C311E8BC-1D77-418F-BBAE-6B858178722B}.AppStore|Mixed Platforms.ActiveCfg = Release|Any CPU
		{C311E8BC-1D77-418F-BBAE-6B858178722B}.AppStore|Mixed Platforms.Build.0 = Release|Any CPU
		{C311E8BC-1D77-418F-BBAE-6B858178722B}.AppStore|x64.ActiveCfg = Release|Any CPU
		{C311E8BC-1D77-418F-BBAE-6B858178722B}.AppStore|x86.ActiveCfg = Release|Any CPU
		{C311E8BC-1D77-418F-BBAE-6B858178722B}.Debug|Any CPU.ActiveCfg = Debug|Any CPU
		{C311E8BC-1D77-418F-BBAE-6B858178722B}.Debug|Any CPU.Build.0 = Debug|Any CPU
		{C311E8BC-1D77-418F-BBAE-6B858178722B}.Debug|ARM.ActiveCfg = Debug|Any CPU
		{C311E8BC-1D77-418F-BBAE-6B858178722B}.Debug|iPhone.ActiveCfg = Debug|Any CPU
		{C311E8BC-1D77-418F-BBAE-6B858178722B}.Debug|iPhoneSimulator.ActiveCfg = Debug|Any CPU
		{C311E8BC-1D77-418F-BBAE-6B858178722B}.Debug|Mixed Platforms.ActiveCfg = Debug|Any CPU
		{C311E8BC-1D77-418F-BBAE-6B858178722B}.Debug|Mixed Platforms.Build.0 = Debug|Any CPU
		{C311E8BC-1D77-418F-BBAE-6B858178722B}.Debug|x64.ActiveCfg = Debug|Any CPU
		{C311E8BC-1D77-418F-BBAE-6B858178722B}.Debug|x86.ActiveCfg = Debug|Any CPU
		{C311E8BC-1D77-418F-BBAE-6B858178722B}.Release|Any CPU.ActiveCfg = Release|Any CPU
		{C311E8BC-1D77-418F-BBAE-6B858178722B}.Release|Any CPU.Build.0 = Release|Any CPU
		{C311E8BC-1D77-418F-BBAE-6B858178722B}.Release|ARM.ActiveCfg = Release|Any CPU
		{C311E8BC-1D77-418F-BBAE-6B858178722B}.Release|iPhone.ActiveCfg = Release|Any CPU
		{C311E8BC-1D77-418F-BBAE-6B858178722B}.Release|iPhoneSimulator.ActiveCfg = Release|Any CPU
		{C311E8BC-1D77-418F-BBAE-6B858178722B}.Release|Mixed Platforms.ActiveCfg = Release|Any CPU
		{C311E8BC-1D77-418F-BBAE-6B858178722B}.Release|Mixed Platforms.Build.0 = Release|Any CPU
		{C311E8BC-1D77-418F-BBAE-6B858178722B}.Release|x64.ActiveCfg = Release|Any CPU
		{C311E8BC-1D77-418F-BBAE-6B858178722B}.Release|x86.ActiveCfg = Release|Any CPU
		{3D9C7D35-3D58-4271-A889-884140708B23}.Ad-Hoc|Any CPU.ActiveCfg = Ad-Hoc|iPhone
		{3D9C7D35-3D58-4271-A889-884140708B23}.Ad-Hoc|ARM.ActiveCfg = Ad-Hoc|iPhone
		{3D9C7D35-3D58-4271-A889-884140708B23}.Ad-Hoc|iPhone.ActiveCfg = Ad-Hoc|iPhone
		{3D9C7D35-3D58-4271-A889-884140708B23}.Ad-Hoc|iPhone.Build.0 = Ad-Hoc|iPhone
		{3D9C7D35-3D58-4271-A889-884140708B23}.Ad-Hoc|iPhoneSimulator.ActiveCfg = Ad-Hoc|iPhoneSimulator
		{3D9C7D35-3D58-4271-A889-884140708B23}.Ad-Hoc|iPhoneSimulator.Build.0 = Ad-Hoc|iPhoneSimulator
		{3D9C7D35-3D58-4271-A889-884140708B23}.Ad-Hoc|Mixed Platforms.ActiveCfg = Ad-Hoc|iPhone
		{3D9C7D35-3D58-4271-A889-884140708B23}.Ad-Hoc|Mixed Platforms.Build.0 = Ad-Hoc|iPhone
		{3D9C7D35-3D58-4271-A889-884140708B23}.Ad-Hoc|x64.ActiveCfg = Ad-Hoc|iPhone
		{3D9C7D35-3D58-4271-A889-884140708B23}.Ad-Hoc|x86.ActiveCfg = Ad-Hoc|iPhone
		{3D9C7D35-3D58-4271-A889-884140708B23}.AppStore|Any CPU.ActiveCfg = AppStore|iPhone
		{3D9C7D35-3D58-4271-A889-884140708B23}.AppStore|ARM.ActiveCfg = AppStore|iPhone
		{3D9C7D35-3D58-4271-A889-884140708B23}.AppStore|iPhone.ActiveCfg = AppStore|iPhone
		{3D9C7D35-3D58-4271-A889-884140708B23}.AppStore|iPhone.Build.0 = AppStore|iPhone
		{3D9C7D35-3D58-4271-A889-884140708B23}.AppStore|iPhoneSimulator.ActiveCfg = AppStore|iPhoneSimulator
		{3D9C7D35-3D58-4271-A889-884140708B23}.AppStore|iPhoneSimulator.Build.0 = AppStore|iPhoneSimulator
		{3D9C7D35-3D58-4271-A889-884140708B23}.AppStore|Mixed Platforms.ActiveCfg = AppStore|iPhone
		{3D9C7D35-3D58-4271-A889-884140708B23}.AppStore|Mixed Platforms.Build.0 = AppStore|iPhone
		{3D9C7D35-3D58-4271-A889-884140708B23}.AppStore|x64.ActiveCfg = AppStore|iPhone
		{3D9C7D35-3D58-4271-A889-884140708B23}.AppStore|x86.ActiveCfg = AppStore|iPhone
		{3D9C7D35-3D58-4271-A889-884140708B23}.Debug|Any CPU.ActiveCfg = Debug|iPhone
		{3D9C7D35-3D58-4271-A889-884140708B23}.Debug|ARM.ActiveCfg = Debug|iPhone
		{3D9C7D35-3D58-4271-A889-884140708B23}.Debug|iPhone.ActiveCfg = Debug|iPhone
		{3D9C7D35-3D58-4271-A889-884140708B23}.Debug|iPhone.Build.0 = Debug|iPhone
		{3D9C7D35-3D58-4271-A889-884140708B23}.Debug|iPhoneSimulator.ActiveCfg = Debug|iPhoneSimulator
		{3D9C7D35-3D58-4271-A889-884140708B23}.Debug|iPhoneSimulator.Build.0 = Debug|iPhoneSimulator
		{3D9C7D35-3D58-4271-A889-884140708B23}.Debug|Mixed Platforms.ActiveCfg = Debug|iPhone
		{3D9C7D35-3D58-4271-A889-884140708B23}.Debug|Mixed Platforms.Build.0 = Debug|iPhone
		{3D9C7D35-3D58-4271-A889-884140708B23}.Debug|x64.ActiveCfg = Debug|iPhone
		{3D9C7D35-3D58-4271-A889-884140708B23}.Debug|x86.ActiveCfg = Debug|iPhone
		{3D9C7D35-3D58-4271-A889-884140708B23}.Release|Any CPU.ActiveCfg = Release|iPhone
		{3D9C7D35-3D58-4271-A889-884140708B23}.Release|ARM.ActiveCfg = Release|iPhone
		{3D9C7D35-3D58-4271-A889-884140708B23}.Release|iPhone.ActiveCfg = Release|iPhone
		{3D9C7D35-3D58-4271-A889-884140708B23}.Release|iPhone.Build.0 = Release|iPhone
		{3D9C7D35-3D58-4271-A889-884140708B23}.Release|iPhone.Deploy.0 = Release|iPhone
		{3D9C7D35-3D58-4271-A889-884140708B23}.Release|iPhoneSimulator.ActiveCfg = Release|iPhoneSimulator
		{3D9C7D35-3D58-4271-A889-884140708B23}.Release|iPhoneSimulator.Build.0 = Release|iPhoneSimulator
		{3D9C7D35-3D58-4271-A889-884140708B23}.Release|Mixed Platforms.ActiveCfg = Release|iPhone
		{3D9C7D35-3D58-4271-A889-884140708B23}.Release|Mixed Platforms.Build.0 = Release|iPhone
		{3D9C7D35-3D58-4271-A889-884140708B23}.Release|x64.ActiveCfg = Release|iPhone
		{3D9C7D35-3D58-4271-A889-884140708B23}.Release|x86.ActiveCfg = Release|iPhone
		{7A6AB793-040D-4FDF-9B58-865E686B8C11}.Ad-Hoc|Any CPU.ActiveCfg = Release|Any CPU
		{7A6AB793-040D-4FDF-9B58-865E686B8C11}.Ad-Hoc|Any CPU.Build.0 = Release|Any CPU
		{7A6AB793-040D-4FDF-9B58-865E686B8C11}.Ad-Hoc|Any CPU.Deploy.0 = Release|Any CPU
		{7A6AB793-040D-4FDF-9B58-865E686B8C11}.Ad-Hoc|ARM.ActiveCfg = Release|Any CPU
		{7A6AB793-040D-4FDF-9B58-865E686B8C11}.Ad-Hoc|iPhone.ActiveCfg = Release|Any CPU
		{7A6AB793-040D-4FDF-9B58-865E686B8C11}.Ad-Hoc|iPhoneSimulator.ActiveCfg = Release|Any CPU
		{7A6AB793-040D-4FDF-9B58-865E686B8C11}.Ad-Hoc|Mixed Platforms.ActiveCfg = Release|Any CPU
		{7A6AB793-040D-4FDF-9B58-865E686B8C11}.Ad-Hoc|Mixed Platforms.Build.0 = Release|Any CPU
		{7A6AB793-040D-4FDF-9B58-865E686B8C11}.Ad-Hoc|Mixed Platforms.Deploy.0 = Release|Any CPU
		{7A6AB793-040D-4FDF-9B58-865E686B8C11}.Ad-Hoc|x64.ActiveCfg = Release|Any CPU
		{7A6AB793-040D-4FDF-9B58-865E686B8C11}.Ad-Hoc|x86.ActiveCfg = Release|Any CPU
		{7A6AB793-040D-4FDF-9B58-865E686B8C11}.AppStore|Any CPU.ActiveCfg = Release|Any CPU
		{7A6AB793-040D-4FDF-9B58-865E686B8C11}.AppStore|Any CPU.Build.0 = Release|Any CPU
		{7A6AB793-040D-4FDF-9B58-865E686B8C11}.AppStore|Any CPU.Deploy.0 = Release|Any CPU
		{7A6AB793-040D-4FDF-9B58-865E686B8C11}.AppStore|ARM.ActiveCfg = Release|Any CPU
		{7A6AB793-040D-4FDF-9B58-865E686B8C11}.AppStore|iPhone.ActiveCfg = Release|Any CPU
		{7A6AB793-040D-4FDF-9B58-865E686B8C11}.AppStore|iPhoneSimulator.ActiveCfg = Release|Any CPU
		{7A6AB793-040D-4FDF-9B58-865E686B8C11}.AppStore|Mixed Platforms.ActiveCfg = Release|Any CPU
		{7A6AB793-040D-4FDF-9B58-865E686B8C11}.AppStore|Mixed Platforms.Build.0 = Release|Any CPU
		{7A6AB793-040D-4FDF-9B58-865E686B8C11}.AppStore|Mixed Platforms.Deploy.0 = Release|Any CPU
		{7A6AB793-040D-4FDF-9B58-865E686B8C11}.AppStore|x64.ActiveCfg = Release|Any CPU
		{7A6AB793-040D-4FDF-9B58-865E686B8C11}.AppStore|x86.ActiveCfg = Release|Any CPU
		{7A6AB793-040D-4FDF-9B58-865E686B8C11}.Debug|Any CPU.ActiveCfg = Debug|Any CPU
		{7A6AB793-040D-4FDF-9B58-865E686B8C11}.Debug|Any CPU.Build.0 = Debug|Any CPU
		{7A6AB793-040D-4FDF-9B58-865E686B8C11}.Debug|Any CPU.Deploy.0 = Debug|Any CPU
		{7A6AB793-040D-4FDF-9B58-865E686B8C11}.Debug|ARM.ActiveCfg = Debug|Any CPU
		{7A6AB793-040D-4FDF-9B58-865E686B8C11}.Debug|iPhone.ActiveCfg = Debug|Any CPU
		{7A6AB793-040D-4FDF-9B58-865E686B8C11}.Debug|iPhoneSimulator.ActiveCfg = Debug|Any CPU
		{7A6AB793-040D-4FDF-9B58-865E686B8C11}.Debug|Mixed Platforms.ActiveCfg = Debug|Any CPU
		{7A6AB793-040D-4FDF-9B58-865E686B8C11}.Debug|Mixed Platforms.Build.0 = Debug|Any CPU
		{7A6AB793-040D-4FDF-9B58-865E686B8C11}.Debug|Mixed Platforms.Deploy.0 = Debug|Any CPU
		{7A6AB793-040D-4FDF-9B58-865E686B8C11}.Debug|x64.ActiveCfg = Debug|Any CPU
		{7A6AB793-040D-4FDF-9B58-865E686B8C11}.Debug|x86.ActiveCfg = Debug|Any CPU
		{7A6AB793-040D-4FDF-9B58-865E686B8C11}.Release|Any CPU.ActiveCfg = Release|Any CPU
		{7A6AB793-040D-4FDF-9B58-865E686B8C11}.Release|Any CPU.Build.0 = Release|Any CPU
		{7A6AB793-040D-4FDF-9B58-865E686B8C11}.Release|Any CPU.Deploy.0 = Release|Any CPU
		{7A6AB793-040D-4FDF-9B58-865E686B8C11}.Release|ARM.ActiveCfg = Release|Any CPU
		{7A6AB793-040D-4FDF-9B58-865E686B8C11}.Release|iPhone.ActiveCfg = Release|Any CPU
		{7A6AB793-040D-4FDF-9B58-865E686B8C11}.Release|iPhoneSimulator.ActiveCfg = Release|Any CPU
		{7A6AB793-040D-4FDF-9B58-865E686B8C11}.Release|Mixed Platforms.ActiveCfg = Release|Any CPU
		{7A6AB793-040D-4FDF-9B58-865E686B8C11}.Release|Mixed Platforms.Build.0 = Release|Any CPU
		{7A6AB793-040D-4FDF-9B58-865E686B8C11}.Release|Mixed Platforms.Deploy.0 = Release|Any CPU
		{7A6AB793-040D-4FDF-9B58-865E686B8C11}.Release|x64.ActiveCfg = Release|Any CPU
		{7A6AB793-040D-4FDF-9B58-865E686B8C11}.Release|x86.ActiveCfg = Release|Any CPU
		{C99CC003-35F2-4E4A-9762-1C9A4448BEFC}.Ad-Hoc|Any CPU.ActiveCfg = Release|Any CPU
		{C99CC003-35F2-4E4A-9762-1C9A4448BEFC}.Ad-Hoc|Any CPU.Build.0 = Release|Any CPU
		{C99CC003-35F2-4E4A-9762-1C9A4448BEFC}.Ad-Hoc|Any CPU.Deploy.0 = Release|Any CPU
		{C99CC003-35F2-4E4A-9762-1C9A4448BEFC}.Ad-Hoc|ARM.ActiveCfg = Release|ARM
		{C99CC003-35F2-4E4A-9762-1C9A4448BEFC}.Ad-Hoc|ARM.Build.0 = Release|ARM
		{C99CC003-35F2-4E4A-9762-1C9A4448BEFC}.Ad-Hoc|ARM.Deploy.0 = Release|ARM
		{C99CC003-35F2-4E4A-9762-1C9A4448BEFC}.Ad-Hoc|iPhone.ActiveCfg = Release|Any CPU
		{C99CC003-35F2-4E4A-9762-1C9A4448BEFC}.Ad-Hoc|iPhoneSimulator.ActiveCfg = Release|Any CPU
		{C99CC003-35F2-4E4A-9762-1C9A4448BEFC}.Ad-Hoc|Mixed Platforms.ActiveCfg = Release|x86
		{C99CC003-35F2-4E4A-9762-1C9A4448BEFC}.Ad-Hoc|Mixed Platforms.Build.0 = Release|x86
		{C99CC003-35F2-4E4A-9762-1C9A4448BEFC}.Ad-Hoc|Mixed Platforms.Deploy.0 = Release|x86
		{C99CC003-35F2-4E4A-9762-1C9A4448BEFC}.Ad-Hoc|x64.ActiveCfg = Release|Any CPU
		{C99CC003-35F2-4E4A-9762-1C9A4448BEFC}.Ad-Hoc|x86.ActiveCfg = Release|x86
		{C99CC003-35F2-4E4A-9762-1C9A4448BEFC}.Ad-Hoc|x86.Build.0 = Release|x86
		{C99CC003-35F2-4E4A-9762-1C9A4448BEFC}.Ad-Hoc|x86.Deploy.0 = Release|x86
		{C99CC003-35F2-4E4A-9762-1C9A4448BEFC}.AppStore|Any CPU.ActiveCfg = Release|Any CPU
		{C99CC003-35F2-4E4A-9762-1C9A4448BEFC}.AppStore|Any CPU.Build.0 = Release|Any CPU
		{C99CC003-35F2-4E4A-9762-1C9A4448BEFC}.AppStore|Any CPU.Deploy.0 = Release|Any CPU
		{C99CC003-35F2-4E4A-9762-1C9A4448BEFC}.AppStore|ARM.ActiveCfg = Release|ARM
		{C99CC003-35F2-4E4A-9762-1C9A4448BEFC}.AppStore|ARM.Build.0 = Release|ARM
		{C99CC003-35F2-4E4A-9762-1C9A4448BEFC}.AppStore|ARM.Deploy.0 = Release|ARM
		{C99CC003-35F2-4E4A-9762-1C9A4448BEFC}.AppStore|iPhone.ActiveCfg = Release|Any CPU
		{C99CC003-35F2-4E4A-9762-1C9A4448BEFC}.AppStore|iPhoneSimulator.ActiveCfg = Release|Any CPU
		{C99CC003-35F2-4E4A-9762-1C9A4448BEFC}.AppStore|Mixed Platforms.ActiveCfg = Release|x86
		{C99CC003-35F2-4E4A-9762-1C9A4448BEFC}.AppStore|Mixed Platforms.Build.0 = Release|x86
		{C99CC003-35F2-4E4A-9762-1C9A4448BEFC}.AppStore|Mixed Platforms.Deploy.0 = Release|x86
		{C99CC003-35F2-4E4A-9762-1C9A4448BEFC}.AppStore|x64.ActiveCfg = Release|Any CPU
		{C99CC003-35F2-4E4A-9762-1C9A4448BEFC}.AppStore|x86.ActiveCfg = Release|x86
		{C99CC003-35F2-4E4A-9762-1C9A4448BEFC}.AppStore|x86.Build.0 = Release|x86
		{C99CC003-35F2-4E4A-9762-1C9A4448BEFC}.AppStore|x86.Deploy.0 = Release|x86
		{C99CC003-35F2-4E4A-9762-1C9A4448BEFC}.Debug|Any CPU.ActiveCfg = Debug|Any CPU
		{C99CC003-35F2-4E4A-9762-1C9A4448BEFC}.Debug|Any CPU.Build.0 = Debug|Any CPU
		{C99CC003-35F2-4E4A-9762-1C9A4448BEFC}.Debug|Any CPU.Deploy.0 = Debug|Any CPU
		{C99CC003-35F2-4E4A-9762-1C9A4448BEFC}.Debug|ARM.ActiveCfg = Debug|ARM
		{C99CC003-35F2-4E4A-9762-1C9A4448BEFC}.Debug|ARM.Build.0 = Debug|ARM
		{C99CC003-35F2-4E4A-9762-1C9A4448BEFC}.Debug|ARM.Deploy.0 = Debug|ARM
		{C99CC003-35F2-4E4A-9762-1C9A4448BEFC}.Debug|iPhone.ActiveCfg = Debug|Any CPU
		{C99CC003-35F2-4E4A-9762-1C9A4448BEFC}.Debug|iPhoneSimulator.ActiveCfg = Debug|Any CPU
		{C99CC003-35F2-4E4A-9762-1C9A4448BEFC}.Debug|Mixed Platforms.ActiveCfg = Debug|x86
		{C99CC003-35F2-4E4A-9762-1C9A4448BEFC}.Debug|Mixed Platforms.Build.0 = Debug|x86
		{C99CC003-35F2-4E4A-9762-1C9A4448BEFC}.Debug|Mixed Platforms.Deploy.0 = Debug|x86
		{C99CC003-35F2-4E4A-9762-1C9A4448BEFC}.Debug|x64.ActiveCfg = Debug|Any CPU
		{C99CC003-35F2-4E4A-9762-1C9A4448BEFC}.Debug|x86.ActiveCfg = Debug|x86
		{C99CC003-35F2-4E4A-9762-1C9A4448BEFC}.Debug|x86.Build.0 = Debug|x86
		{C99CC003-35F2-4E4A-9762-1C9A4448BEFC}.Debug|x86.Deploy.0 = Debug|x86
		{C99CC003-35F2-4E4A-9762-1C9A4448BEFC}.Release|Any CPU.ActiveCfg = Release|Any CPU
		{C99CC003-35F2-4E4A-9762-1C9A4448BEFC}.Release|Any CPU.Build.0 = Release|Any CPU
		{C99CC003-35F2-4E4A-9762-1C9A4448BEFC}.Release|Any CPU.Deploy.0 = Release|Any CPU
		{C99CC003-35F2-4E4A-9762-1C9A4448BEFC}.Release|ARM.ActiveCfg = Release|ARM
		{C99CC003-35F2-4E4A-9762-1C9A4448BEFC}.Release|ARM.Build.0 = Release|ARM
		{C99CC003-35F2-4E4A-9762-1C9A4448BEFC}.Release|ARM.Deploy.0 = Release|ARM
		{C99CC003-35F2-4E4A-9762-1C9A4448BEFC}.Release|iPhone.ActiveCfg = Release|Any CPU
		{C99CC003-35F2-4E4A-9762-1C9A4448BEFC}.Release|iPhoneSimulator.ActiveCfg = Release|Any CPU
		{C99CC003-35F2-4E4A-9762-1C9A4448BEFC}.Release|Mixed Platforms.ActiveCfg = Release|x86
		{C99CC003-35F2-4E4A-9762-1C9A4448BEFC}.Release|Mixed Platforms.Build.0 = Release|x86
		{C99CC003-35F2-4E4A-9762-1C9A4448BEFC}.Release|Mixed Platforms.Deploy.0 = Release|x86
		{C99CC003-35F2-4E4A-9762-1C9A4448BEFC}.Release|x64.ActiveCfg = Release|Any CPU
		{C99CC003-35F2-4E4A-9762-1C9A4448BEFC}.Release|x86.ActiveCfg = Release|x86
		{C99CC003-35F2-4E4A-9762-1C9A4448BEFC}.Release|x86.Build.0 = Release|x86
		{C99CC003-35F2-4E4A-9762-1C9A4448BEFC}.Release|x86.Deploy.0 = Release|x86
		{2882AEEB-D4CD-4EB9-8A6C-6653B33681F1}.Ad-Hoc|Any CPU.ActiveCfg = Release|Any CPU
		{2882AEEB-D4CD-4EB9-8A6C-6653B33681F1}.Ad-Hoc|Any CPU.Build.0 = Release|Any CPU
		{2882AEEB-D4CD-4EB9-8A6C-6653B33681F1}.Ad-Hoc|ARM.ActiveCfg = Release|Any CPU
		{2882AEEB-D4CD-4EB9-8A6C-6653B33681F1}.Ad-Hoc|ARM.Build.0 = Release|Any CPU
		{2882AEEB-D4CD-4EB9-8A6C-6653B33681F1}.Ad-Hoc|iPhone.ActiveCfg = Release|Any CPU
		{2882AEEB-D4CD-4EB9-8A6C-6653B33681F1}.Ad-Hoc|iPhone.Build.0 = Release|Any CPU
		{2882AEEB-D4CD-4EB9-8A6C-6653B33681F1}.Ad-Hoc|iPhoneSimulator.ActiveCfg = Release|Any CPU
		{2882AEEB-D4CD-4EB9-8A6C-6653B33681F1}.Ad-Hoc|iPhoneSimulator.Build.0 = Release|Any CPU
		{2882AEEB-D4CD-4EB9-8A6C-6653B33681F1}.Ad-Hoc|Mixed Platforms.ActiveCfg = Release|Any CPU
		{2882AEEB-D4CD-4EB9-8A6C-6653B33681F1}.Ad-Hoc|Mixed Platforms.Build.0 = Release|Any CPU
		{2882AEEB-D4CD-4EB9-8A6C-6653B33681F1}.Ad-Hoc|x64.ActiveCfg = Release|Any CPU
		{2882AEEB-D4CD-4EB9-8A6C-6653B33681F1}.Ad-Hoc|x64.Build.0 = Release|Any CPU
		{2882AEEB-D4CD-4EB9-8A6C-6653B33681F1}.Ad-Hoc|x86.ActiveCfg = Release|Any CPU
		{2882AEEB-D4CD-4EB9-8A6C-6653B33681F1}.Ad-Hoc|x86.Build.0 = Release|Any CPU
		{2882AEEB-D4CD-4EB9-8A6C-6653B33681F1}.AppStore|Any CPU.ActiveCfg = Release|Any CPU
		{2882AEEB-D4CD-4EB9-8A6C-6653B33681F1}.AppStore|Any CPU.Build.0 = Release|Any CPU
		{2882AEEB-D4CD-4EB9-8A6C-6653B33681F1}.AppStore|ARM.ActiveCfg = Release|Any CPU
		{2882AEEB-D4CD-4EB9-8A6C-6653B33681F1}.AppStore|ARM.Build.0 = Release|Any CPU
		{2882AEEB-D4CD-4EB9-8A6C-6653B33681F1}.AppStore|iPhone.ActiveCfg = Release|Any CPU
		{2882AEEB-D4CD-4EB9-8A6C-6653B33681F1}.AppStore|iPhone.Build.0 = Release|Any CPU
		{2882AEEB-D4CD-4EB9-8A6C-6653B33681F1}.AppStore|iPhoneSimulator.ActiveCfg = Release|Any CPU
		{2882AEEB-D4CD-4EB9-8A6C-6653B33681F1}.AppStore|iPhoneSimulator.Build.0 = Release|Any CPU
		{2882AEEB-D4CD-4EB9-8A6C-6653B33681F1}.AppStore|Mixed Platforms.ActiveCfg = Release|Any CPU
		{2882AEEB-D4CD-4EB9-8A6C-6653B33681F1}.AppStore|Mixed Platforms.Build.0 = Release|Any CPU
		{2882AEEB-D4CD-4EB9-8A6C-6653B33681F1}.AppStore|x64.ActiveCfg = Release|Any CPU
		{2882AEEB-D4CD-4EB9-8A6C-6653B33681F1}.AppStore|x64.Build.0 = Release|Any CPU
		{2882AEEB-D4CD-4EB9-8A6C-6653B33681F1}.AppStore|x86.ActiveCfg = Release|Any CPU
		{2882AEEB-D4CD-4EB9-8A6C-6653B33681F1}.AppStore|x86.Build.0 = Release|Any CPU
		{2882AEEB-D4CD-4EB9-8A6C-6653B33681F1}.Debug|Any CPU.ActiveCfg = Debug|Any CPU
		{2882AEEB-D4CD-4EB9-8A6C-6653B33681F1}.Debug|Any CPU.Build.0 = Debug|Any CPU
		{2882AEEB-D4CD-4EB9-8A6C-6653B33681F1}.Debug|ARM.ActiveCfg = Debug|Any CPU
		{2882AEEB-D4CD-4EB9-8A6C-6653B33681F1}.Debug|ARM.Build.0 = Debug|Any CPU
		{2882AEEB-D4CD-4EB9-8A6C-6653B33681F1}.Debug|iPhone.ActiveCfg = Debug|Any CPU
		{2882AEEB-D4CD-4EB9-8A6C-6653B33681F1}.Debug|iPhone.Build.0 = Debug|Any CPU
		{2882AEEB-D4CD-4EB9-8A6C-6653B33681F1}.Debug|iPhoneSimulator.ActiveCfg = Debug|Any CPU
		{2882AEEB-D4CD-4EB9-8A6C-6653B33681F1}.Debug|iPhoneSimulator.Build.0 = Debug|Any CPU
		{2882AEEB-D4CD-4EB9-8A6C-6653B33681F1}.Debug|Mixed Platforms.ActiveCfg = Debug|Any CPU
		{2882AEEB-D4CD-4EB9-8A6C-6653B33681F1}.Debug|Mixed Platforms.Build.0 = Debug|Any CPU
		{2882AEEB-D4CD-4EB9-8A6C-6653B33681F1}.Debug|x64.ActiveCfg = Debug|Any CPU
		{2882AEEB-D4CD-4EB9-8A6C-6653B33681F1}.Debug|x64.Build.0 = Debug|Any CPU
		{2882AEEB-D4CD-4EB9-8A6C-6653B33681F1}.Debug|x86.ActiveCfg = Debug|Any CPU
		{2882AEEB-D4CD-4EB9-8A6C-6653B33681F1}.Debug|x86.Build.0 = Debug|Any CPU
		{2882AEEB-D4CD-4EB9-8A6C-6653B33681F1}.Release|Any CPU.ActiveCfg = Release|Any CPU
		{2882AEEB-D4CD-4EB9-8A6C-6653B33681F1}.Release|Any CPU.Build.0 = Release|Any CPU
		{2882AEEB-D4CD-4EB9-8A6C-6653B33681F1}.Release|ARM.ActiveCfg = Release|Any CPU
		{2882AEEB-D4CD-4EB9-8A6C-6653B33681F1}.Release|ARM.Build.0 = Release|Any CPU
		{2882AEEB-D4CD-4EB9-8A6C-6653B33681F1}.Release|iPhone.ActiveCfg = Release|Any CPU
		{2882AEEB-D4CD-4EB9-8A6C-6653B33681F1}.Release|iPhone.Build.0 = Release|Any CPU
		{2882AEEB-D4CD-4EB9-8A6C-6653B33681F1}.Release|iPhoneSimulator.ActiveCfg = Release|Any CPU
		{2882AEEB-D4CD-4EB9-8A6C-6653B33681F1}.Release|iPhoneSimulator.Build.0 = Release|Any CPU
		{2882AEEB-D4CD-4EB9-8A6C-6653B33681F1}.Release|Mixed Platforms.ActiveCfg = Release|Any CPU
		{2882AEEB-D4CD-4EB9-8A6C-6653B33681F1}.Release|Mixed Platforms.Build.0 = Release|Any CPU
		{2882AEEB-D4CD-4EB9-8A6C-6653B33681F1}.Release|x64.ActiveCfg = Release|Any CPU
		{2882AEEB-D4CD-4EB9-8A6C-6653B33681F1}.Release|x64.Build.0 = Release|Any CPU
		{2882AEEB-D4CD-4EB9-8A6C-6653B33681F1}.Release|x86.ActiveCfg = Release|Any CPU
		{2882AEEB-D4CD-4EB9-8A6C-6653B33681F1}.Release|x86.Build.0 = Release|Any CPU
		{2882AEEB-D4CD-4EB9-8A6C-6653B33681F2}.Ad-Hoc|Any CPU.ActiveCfg = Release|Any CPU
		{2882AEEB-D4CD-4EB9-8A6C-6653B33681F2}.Ad-Hoc|Any CPU.Build.0 = Release|Any CPU
		{2882AEEB-D4CD-4EB9-8A6C-6653B33681F2}.Ad-Hoc|ARM.ActiveCfg = Release|Any CPU
		{2882AEEB-D4CD-4EB9-8A6C-6653B33681F2}.Ad-Hoc|ARM.Build.0 = Release|Any CPU
		{2882AEEB-D4CD-4EB9-8A6C-6653B33681F2}.Ad-Hoc|iPhone.ActiveCfg = Release|Any CPU
		{2882AEEB-D4CD-4EB9-8A6C-6653B33681F2}.Ad-Hoc|iPhone.Build.0 = Release|Any CPU
		{2882AEEB-D4CD-4EB9-8A6C-6653B33681F2}.Ad-Hoc|iPhoneSimulator.ActiveCfg = Release|Any CPU
		{2882AEEB-D4CD-4EB9-8A6C-6653B33681F2}.Ad-Hoc|iPhoneSimulator.Build.0 = Release|Any CPU
		{2882AEEB-D4CD-4EB9-8A6C-6653B33681F2}.Ad-Hoc|Mixed Platforms.ActiveCfg = Release|Any CPU
		{2882AEEB-D4CD-4EB9-8A6C-6653B33681F2}.Ad-Hoc|Mixed Platforms.Build.0 = Release|Any CPU
		{2882AEEB-D4CD-4EB9-8A6C-6653B33681F2}.Ad-Hoc|x64.ActiveCfg = Release|Any CPU
		{2882AEEB-D4CD-4EB9-8A6C-6653B33681F2}.Ad-Hoc|x64.Build.0 = Release|Any CPU
		{2882AEEB-D4CD-4EB9-8A6C-6653B33681F2}.Ad-Hoc|x86.ActiveCfg = Release|Any CPU
		{2882AEEB-D4CD-4EB9-8A6C-6653B33681F2}.Ad-Hoc|x86.Build.0 = Release|Any CPU
		{2882AEEB-D4CD-4EB9-8A6C-6653B33681F2}.AppStore|Any CPU.ActiveCfg = Release|Any CPU
		{2882AEEB-D4CD-4EB9-8A6C-6653B33681F2}.AppStore|Any CPU.Build.0 = Release|Any CPU
		{2882AEEB-D4CD-4EB9-8A6C-6653B33681F2}.AppStore|ARM.ActiveCfg = Release|Any CPU
		{2882AEEB-D4CD-4EB9-8A6C-6653B33681F2}.AppStore|ARM.Build.0 = Release|Any CPU
		{2882AEEB-D4CD-4EB9-8A6C-6653B33681F2}.AppStore|iPhone.ActiveCfg = Release|Any CPU
		{2882AEEB-D4CD-4EB9-8A6C-6653B33681F2}.AppStore|iPhone.Build.0 = Release|Any CPU
		{2882AEEB-D4CD-4EB9-8A6C-6653B33681F2}.AppStore|iPhoneSimulator.ActiveCfg = Release|Any CPU
		{2882AEEB-D4CD-4EB9-8A6C-6653B33681F2}.AppStore|iPhoneSimulator.Build.0 = Release|Any CPU
		{2882AEEB-D4CD-4EB9-8A6C-6653B33681F2}.AppStore|Mixed Platforms.ActiveCfg = Release|Any CPU
		{2882AEEB-D4CD-4EB9-8A6C-6653B33681F2}.AppStore|Mixed Platforms.Build.0 = Release|Any CPU
		{2882AEEB-D4CD-4EB9-8A6C-6653B33681F2}.AppStore|x64.ActiveCfg = Release|Any CPU
		{2882AEEB-D4CD-4EB9-8A6C-6653B33681F2}.AppStore|x64.Build.0 = Release|Any CPU
		{2882AEEB-D4CD-4EB9-8A6C-6653B33681F2}.AppStore|x86.ActiveCfg = Release|Any CPU
		{2882AEEB-D4CD-4EB9-8A6C-6653B33681F2}.AppStore|x86.Build.0 = Release|Any CPU
		{2882AEEB-D4CD-4EB9-8A6C-6653B33681F2}.Debug|Any CPU.ActiveCfg = Debug|Any CPU
		{2882AEEB-D4CD-4EB9-8A6C-6653B33681F2}.Debug|Any CPU.Build.0 = Debug|Any CPU
		{2882AEEB-D4CD-4EB9-8A6C-6653B33681F2}.Debug|ARM.ActiveCfg = Debug|Any CPU
		{2882AEEB-D4CD-4EB9-8A6C-6653B33681F2}.Debug|ARM.Build.0 = Debug|Any CPU
		{2882AEEB-D4CD-4EB9-8A6C-6653B33681F2}.Debug|iPhone.ActiveCfg = Debug|Any CPU
		{2882AEEB-D4CD-4EB9-8A6C-6653B33681F2}.Debug|iPhone.Build.0 = Debug|Any CPU
		{2882AEEB-D4CD-4EB9-8A6C-6653B33681F2}.Debug|iPhoneSimulator.ActiveCfg = Debug|Any CPU
		{2882AEEB-D4CD-4EB9-8A6C-6653B33681F2}.Debug|iPhoneSimulator.Build.0 = Debug|Any CPU
		{2882AEEB-D4CD-4EB9-8A6C-6653B33681F2}.Debug|Mixed Platforms.ActiveCfg = Debug|Any CPU
		{2882AEEB-D4CD-4EB9-8A6C-6653B33681F2}.Debug|Mixed Platforms.Build.0 = Debug|Any CPU
		{2882AEEB-D4CD-4EB9-8A6C-6653B33681F2}.Debug|x64.ActiveCfg = Debug|Any CPU
		{2882AEEB-D4CD-4EB9-8A6C-6653B33681F2}.Debug|x64.Build.0 = Debug|Any CPU
		{2882AEEB-D4CD-4EB9-8A6C-6653B33681F2}.Debug|x86.ActiveCfg = Debug|Any CPU
		{2882AEEB-D4CD-4EB9-8A6C-6653B33681F2}.Debug|x86.Build.0 = Debug|Any CPU
		{2882AEEB-D4CD-4EB9-8A6C-6653B33681F2}.Release|Any CPU.ActiveCfg = Release|Any CPU
		{2882AEEB-D4CD-4EB9-8A6C-6653B33681F2}.Release|Any CPU.Build.0 = Release|Any CPU
		{2882AEEB-D4CD-4EB9-8A6C-6653B33681F2}.Release|ARM.ActiveCfg = Release|Any CPU
		{2882AEEB-D4CD-4EB9-8A6C-6653B33681F2}.Release|ARM.Build.0 = Release|Any CPU
		{2882AEEB-D4CD-4EB9-8A6C-6653B33681F2}.Release|iPhone.ActiveCfg = Release|Any CPU
		{2882AEEB-D4CD-4EB9-8A6C-6653B33681F2}.Release|iPhone.Build.0 = Release|Any CPU
		{2882AEEB-D4CD-4EB9-8A6C-6653B33681F2}.Release|iPhoneSimulator.ActiveCfg = Release|Any CPU
		{2882AEEB-D4CD-4EB9-8A6C-6653B33681F2}.Release|iPhoneSimulator.Build.0 = Release|Any CPU
		{2882AEEB-D4CD-4EB9-8A6C-6653B33681F2}.Release|Mixed Platforms.ActiveCfg = Release|Any CPU
		{2882AEEB-D4CD-4EB9-8A6C-6653B33681F2}.Release|Mixed Platforms.Build.0 = Release|Any CPU
		{2882AEEB-D4CD-4EB9-8A6C-6653B33681F2}.Release|x64.ActiveCfg = Release|Any CPU
		{2882AEEB-D4CD-4EB9-8A6C-6653B33681F2}.Release|x64.Build.0 = Release|Any CPU
		{2882AEEB-D4CD-4EB9-8A6C-6653B33681F2}.Release|x86.ActiveCfg = Release|Any CPU
		{2882AEEB-D4CD-4EB9-8A6C-6653B33681F2}.Release|x86.Build.0 = Release|Any CPU
		{2882AEEB-D4CD-4EB9-8A6C-6653B33681F4}.Ad-Hoc|Any CPU.ActiveCfg = Release|Any CPU
		{2882AEEB-D4CD-4EB9-8A6C-6653B33681F4}.Ad-Hoc|Any CPU.Build.0 = Release|Any CPU
		{2882AEEB-D4CD-4EB9-8A6C-6653B33681F4}.Ad-Hoc|ARM.ActiveCfg = Release|Any CPU
		{2882AEEB-D4CD-4EB9-8A6C-6653B33681F4}.Ad-Hoc|ARM.Build.0 = Release|Any CPU
		{2882AEEB-D4CD-4EB9-8A6C-6653B33681F4}.Ad-Hoc|iPhone.ActiveCfg = Release|Any CPU
		{2882AEEB-D4CD-4EB9-8A6C-6653B33681F4}.Ad-Hoc|iPhone.Build.0 = Release|Any CPU
		{2882AEEB-D4CD-4EB9-8A6C-6653B33681F4}.Ad-Hoc|iPhoneSimulator.ActiveCfg = Release|Any CPU
		{2882AEEB-D4CD-4EB9-8A6C-6653B33681F4}.Ad-Hoc|iPhoneSimulator.Build.0 = Release|Any CPU
		{2882AEEB-D4CD-4EB9-8A6C-6653B33681F4}.Ad-Hoc|Mixed Platforms.ActiveCfg = Release|Any CPU
		{2882AEEB-D4CD-4EB9-8A6C-6653B33681F4}.Ad-Hoc|Mixed Platforms.Build.0 = Release|Any CPU
		{2882AEEB-D4CD-4EB9-8A6C-6653B33681F4}.Ad-Hoc|x64.ActiveCfg = Release|Any CPU
		{2882AEEB-D4CD-4EB9-8A6C-6653B33681F4}.Ad-Hoc|x64.Build.0 = Release|Any CPU
		{2882AEEB-D4CD-4EB9-8A6C-6653B33681F4}.Ad-Hoc|x86.ActiveCfg = Release|Any CPU
		{2882AEEB-D4CD-4EB9-8A6C-6653B33681F4}.Ad-Hoc|x86.Build.0 = Release|Any CPU
		{2882AEEB-D4CD-4EB9-8A6C-6653B33681F4}.AppStore|Any CPU.ActiveCfg = Release|Any CPU
		{2882AEEB-D4CD-4EB9-8A6C-6653B33681F4}.AppStore|Any CPU.Build.0 = Release|Any CPU
		{2882AEEB-D4CD-4EB9-8A6C-6653B33681F4}.AppStore|ARM.ActiveCfg = Release|Any CPU
		{2882AEEB-D4CD-4EB9-8A6C-6653B33681F4}.AppStore|ARM.Build.0 = Release|Any CPU
		{2882AEEB-D4CD-4EB9-8A6C-6653B33681F4}.AppStore|iPhone.ActiveCfg = Release|Any CPU
		{2882AEEB-D4CD-4EB9-8A6C-6653B33681F4}.AppStore|iPhone.Build.0 = Release|Any CPU
		{2882AEEB-D4CD-4EB9-8A6C-6653B33681F4}.AppStore|iPhoneSimulator.ActiveCfg = Release|Any CPU
		{2882AEEB-D4CD-4EB9-8A6C-6653B33681F4}.AppStore|iPhoneSimulator.Build.0 = Release|Any CPU
		{2882AEEB-D4CD-4EB9-8A6C-6653B33681F4}.AppStore|Mixed Platforms.ActiveCfg = Release|Any CPU
		{2882AEEB-D4CD-4EB9-8A6C-6653B33681F4}.AppStore|Mixed Platforms.Build.0 = Release|Any CPU
		{2882AEEB-D4CD-4EB9-8A6C-6653B33681F4}.AppStore|x64.ActiveCfg = Release|Any CPU
		{2882AEEB-D4CD-4EB9-8A6C-6653B33681F4}.AppStore|x64.Build.0 = Release|Any CPU
		{2882AEEB-D4CD-4EB9-8A6C-6653B33681F4}.AppStore|x86.ActiveCfg = Release|Any CPU
		{2882AEEB-D4CD-4EB9-8A6C-6653B33681F4}.AppStore|x86.Build.0 = Release|Any CPU
		{2882AEEB-D4CD-4EB9-8A6C-6653B33681F4}.Debug|Any CPU.ActiveCfg = Debug|Any CPU
		{2882AEEB-D4CD-4EB9-8A6C-6653B33681F4}.Debug|Any CPU.Build.0 = Debug|Any CPU
		{2882AEEB-D4CD-4EB9-8A6C-6653B33681F4}.Debug|ARM.ActiveCfg = Debug|Any CPU
		{2882AEEB-D4CD-4EB9-8A6C-6653B33681F4}.Debug|ARM.Build.0 = Debug|Any CPU
		{2882AEEB-D4CD-4EB9-8A6C-6653B33681F4}.Debug|iPhone.ActiveCfg = Debug|Any CPU
		{2882AEEB-D4CD-4EB9-8A6C-6653B33681F4}.Debug|iPhone.Build.0 = Debug|Any CPU
		{2882AEEB-D4CD-4EB9-8A6C-6653B33681F4}.Debug|iPhoneSimulator.ActiveCfg = Debug|Any CPU
		{2882AEEB-D4CD-4EB9-8A6C-6653B33681F4}.Debug|iPhoneSimulator.Build.0 = Debug|Any CPU
		{2882AEEB-D4CD-4EB9-8A6C-6653B33681F4}.Debug|Mixed Platforms.ActiveCfg = Debug|Any CPU
		{2882AEEB-D4CD-4EB9-8A6C-6653B33681F4}.Debug|Mixed Platforms.Build.0 = Debug|Any CPU
		{2882AEEB-D4CD-4EB9-8A6C-6653B33681F4}.Debug|x64.ActiveCfg = Debug|Any CPU
		{2882AEEB-D4CD-4EB9-8A6C-6653B33681F4}.Debug|x64.Build.0 = Debug|Any CPU
		{2882AEEB-D4CD-4EB9-8A6C-6653B33681F4}.Debug|x86.ActiveCfg = Debug|Any CPU
		{2882AEEB-D4CD-4EB9-8A6C-6653B33681F4}.Debug|x86.Build.0 = Debug|Any CPU
		{2882AEEB-D4CD-4EB9-8A6C-6653B33681F4}.Release|Any CPU.ActiveCfg = Release|Any CPU
		{2882AEEB-D4CD-4EB9-8A6C-6653B33681F4}.Release|Any CPU.Build.0 = Release|Any CPU
		{2882AEEB-D4CD-4EB9-8A6C-6653B33681F4}.Release|ARM.ActiveCfg = Release|Any CPU
		{2882AEEB-D4CD-4EB9-8A6C-6653B33681F4}.Release|ARM.Build.0 = Release|Any CPU
		{2882AEEB-D4CD-4EB9-8A6C-6653B33681F4}.Release|iPhone.ActiveCfg = Release|Any CPU
		{2882AEEB-D4CD-4EB9-8A6C-6653B33681F4}.Release|iPhone.Build.0 = Release|Any CPU
		{2882AEEB-D4CD-4EB9-8A6C-6653B33681F4}.Release|iPhoneSimulator.ActiveCfg = Release|Any CPU
		{2882AEEB-D4CD-4EB9-8A6C-6653B33681F4}.Release|iPhoneSimulator.Build.0 = Release|Any CPU
		{2882AEEB-D4CD-4EB9-8A6C-6653B33681F4}.Release|Mixed Platforms.ActiveCfg = Release|Any CPU
		{2882AEEB-D4CD-4EB9-8A6C-6653B33681F4}.Release|Mixed Platforms.Build.0 = Release|Any CPU
		{2882AEEB-D4CD-4EB9-8A6C-6653B33681F4}.Release|x64.ActiveCfg = Release|Any CPU
		{2882AEEB-D4CD-4EB9-8A6C-6653B33681F4}.Release|x64.Build.0 = Release|Any CPU
		{2882AEEB-D4CD-4EB9-8A6C-6653B33681F4}.Release|x86.ActiveCfg = Release|Any CPU
		{2882AEEB-D4CD-4EB9-8A6C-6653B33681F4}.Release|x86.Build.0 = Release|Any CPU
		{44455B12-E32F-4367-84BC-F1D1A5677B97}.Ad-Hoc|Any CPU.ActiveCfg = Release|Any CPU
		{44455B12-E32F-4367-84BC-F1D1A5677B97}.Ad-Hoc|Any CPU.Build.0 = Release|Any CPU
		{44455B12-E32F-4367-84BC-F1D1A5677B97}.Ad-Hoc|ARM.ActiveCfg = Release|Any CPU
		{44455B12-E32F-4367-84BC-F1D1A5677B97}.Ad-Hoc|ARM.Build.0 = Release|Any CPU
		{44455B12-E32F-4367-84BC-F1D1A5677B97}.Ad-Hoc|iPhone.ActiveCfg = Release|Any CPU
		{44455B12-E32F-4367-84BC-F1D1A5677B97}.Ad-Hoc|iPhone.Build.0 = Release|Any CPU
		{44455B12-E32F-4367-84BC-F1D1A5677B97}.Ad-Hoc|iPhoneSimulator.ActiveCfg = Release|Any CPU
		{44455B12-E32F-4367-84BC-F1D1A5677B97}.Ad-Hoc|iPhoneSimulator.Build.0 = Release|Any CPU
		{44455B12-E32F-4367-84BC-F1D1A5677B97}.Ad-Hoc|Mixed Platforms.ActiveCfg = Release|Any CPU
		{44455B12-E32F-4367-84BC-F1D1A5677B97}.Ad-Hoc|Mixed Platforms.Build.0 = Release|Any CPU
		{44455B12-E32F-4367-84BC-F1D1A5677B97}.Ad-Hoc|x64.ActiveCfg = Release|Any CPU
		{44455B12-E32F-4367-84BC-F1D1A5677B97}.Ad-Hoc|x64.Build.0 = Release|Any CPU
		{44455B12-E32F-4367-84BC-F1D1A5677B97}.Ad-Hoc|x86.ActiveCfg = Release|Any CPU
		{44455B12-E32F-4367-84BC-F1D1A5677B97}.Ad-Hoc|x86.Build.0 = Release|Any CPU
		{44455B12-E32F-4367-84BC-F1D1A5677B97}.AppStore|Any CPU.ActiveCfg = Release|Any CPU
		{44455B12-E32F-4367-84BC-F1D1A5677B97}.AppStore|Any CPU.Build.0 = Release|Any CPU
		{44455B12-E32F-4367-84BC-F1D1A5677B97}.AppStore|ARM.ActiveCfg = Release|Any CPU
		{44455B12-E32F-4367-84BC-F1D1A5677B97}.AppStore|ARM.Build.0 = Release|Any CPU
		{44455B12-E32F-4367-84BC-F1D1A5677B97}.AppStore|iPhone.ActiveCfg = Release|Any CPU
		{44455B12-E32F-4367-84BC-F1D1A5677B97}.AppStore|iPhone.Build.0 = Release|Any CPU
		{44455B12-E32F-4367-84BC-F1D1A5677B97}.AppStore|iPhoneSimulator.ActiveCfg = Release|Any CPU
		{44455B12-E32F-4367-84BC-F1D1A5677B97}.AppStore|iPhoneSimulator.Build.0 = Release|Any CPU
		{44455B12-E32F-4367-84BC-F1D1A5677B97}.AppStore|Mixed Platforms.ActiveCfg = Release|Any CPU
		{44455B12-E32F-4367-84BC-F1D1A5677B97}.AppStore|Mixed Platforms.Build.0 = Release|Any CPU
		{44455B12-E32F-4367-84BC-F1D1A5677B97}.AppStore|x64.ActiveCfg = Release|Any CPU
		{44455B12-E32F-4367-84BC-F1D1A5677B97}.AppStore|x64.Build.0 = Release|Any CPU
		{44455B12-E32F-4367-84BC-F1D1A5677B97}.AppStore|x86.ActiveCfg = Release|Any CPU
		{44455B12-E32F-4367-84BC-F1D1A5677B97}.AppStore|x86.Build.0 = Release|Any CPU
		{44455B12-E32F-4367-84BC-F1D1A5677B97}.Debug|Any CPU.ActiveCfg = Debug|Any CPU
		{44455B12-E32F-4367-84BC-F1D1A5677B97}.Debug|Any CPU.Build.0 = Debug|Any CPU
		{44455B12-E32F-4367-84BC-F1D1A5677B97}.Debug|ARM.ActiveCfg = Debug|Any CPU
		{44455B12-E32F-4367-84BC-F1D1A5677B97}.Debug|ARM.Build.0 = Debug|Any CPU
		{44455B12-E32F-4367-84BC-F1D1A5677B97}.Debug|iPhone.ActiveCfg = Debug|Any CPU
		{44455B12-E32F-4367-84BC-F1D1A5677B97}.Debug|iPhone.Build.0 = Debug|Any CPU
		{44455B12-E32F-4367-84BC-F1D1A5677B97}.Debug|iPhoneSimulator.ActiveCfg = Debug|Any CPU
		{44455B12-E32F-4367-84BC-F1D1A5677B97}.Debug|iPhoneSimulator.Build.0 = Debug|Any CPU
		{44455B12-E32F-4367-84BC-F1D1A5677B97}.Debug|Mixed Platforms.ActiveCfg = Debug|Any CPU
		{44455B12-E32F-4367-84BC-F1D1A5677B97}.Debug|Mixed Platforms.Build.0 = Debug|Any CPU
		{44455B12-E32F-4367-84BC-F1D1A5677B97}.Debug|x64.ActiveCfg = Debug|Any CPU
		{44455B12-E32F-4367-84BC-F1D1A5677B97}.Debug|x64.Build.0 = Debug|Any CPU
		{44455B12-E32F-4367-84BC-F1D1A5677B97}.Debug|x86.ActiveCfg = Debug|Any CPU
		{44455B12-E32F-4367-84BC-F1D1A5677B97}.Debug|x86.Build.0 = Debug|Any CPU
		{44455B12-E32F-4367-84BC-F1D1A5677B97}.Release|Any CPU.ActiveCfg = Release|Any CPU
		{44455B12-E32F-4367-84BC-F1D1A5677B97}.Release|Any CPU.Build.0 = Release|Any CPU
		{44455B12-E32F-4367-84BC-F1D1A5677B97}.Release|ARM.ActiveCfg = Release|Any CPU
		{44455B12-E32F-4367-84BC-F1D1A5677B97}.Release|ARM.Build.0 = Release|Any CPU
		{44455B12-E32F-4367-84BC-F1D1A5677B97}.Release|iPhone.ActiveCfg = Release|Any CPU
		{44455B12-E32F-4367-84BC-F1D1A5677B97}.Release|iPhone.Build.0 = Release|Any CPU
		{44455B12-E32F-4367-84BC-F1D1A5677B97}.Release|iPhoneSimulator.ActiveCfg = Release|Any CPU
		{44455B12-E32F-4367-84BC-F1D1A5677B97}.Release|iPhoneSimulator.Build.0 = Release|Any CPU
		{44455B12-E32F-4367-84BC-F1D1A5677B97}.Release|Mixed Platforms.ActiveCfg = Release|Any CPU
		{44455B12-E32F-4367-84BC-F1D1A5677B97}.Release|Mixed Platforms.Build.0 = Release|Any CPU
		{44455B12-E32F-4367-84BC-F1D1A5677B97}.Release|x64.ActiveCfg = Release|Any CPU
		{44455B12-E32F-4367-84BC-F1D1A5677B97}.Release|x64.Build.0 = Release|Any CPU
		{44455B12-E32F-4367-84BC-F1D1A5677B97}.Release|x86.ActiveCfg = Release|Any CPU
		{44455B12-E32F-4367-84BC-F1D1A5677B97}.Release|x86.Build.0 = Release|Any CPU
		{B059BD20-E2F7-4AB9-AC7A-28222A2D4565}.Ad-Hoc|Any CPU.ActiveCfg = Release|Any CPU
		{B059BD20-E2F7-4AB9-AC7A-28222A2D4565}.Ad-Hoc|Any CPU.Build.0 = Release|Any CPU
		{B059BD20-E2F7-4AB9-AC7A-28222A2D4565}.Ad-Hoc|Any CPU.Deploy.0 = Release|Any CPU
		{B059BD20-E2F7-4AB9-AC7A-28222A2D4565}.Ad-Hoc|ARM.ActiveCfg = Release|Any CPU
		{B059BD20-E2F7-4AB9-AC7A-28222A2D4565}.Ad-Hoc|ARM.Build.0 = Release|Any CPU
		{B059BD20-E2F7-4AB9-AC7A-28222A2D4565}.Ad-Hoc|ARM.Deploy.0 = Release|Any CPU
		{B059BD20-E2F7-4AB9-AC7A-28222A2D4565}.Ad-Hoc|iPhone.ActiveCfg = Release|Any CPU
		{B059BD20-E2F7-4AB9-AC7A-28222A2D4565}.Ad-Hoc|iPhone.Build.0 = Release|Any CPU
		{B059BD20-E2F7-4AB9-AC7A-28222A2D4565}.Ad-Hoc|iPhone.Deploy.0 = Release|Any CPU
		{B059BD20-E2F7-4AB9-AC7A-28222A2D4565}.Ad-Hoc|iPhoneSimulator.ActiveCfg = Release|Any CPU
		{B059BD20-E2F7-4AB9-AC7A-28222A2D4565}.Ad-Hoc|iPhoneSimulator.Build.0 = Release|Any CPU
		{B059BD20-E2F7-4AB9-AC7A-28222A2D4565}.Ad-Hoc|iPhoneSimulator.Deploy.0 = Release|Any CPU
		{B059BD20-E2F7-4AB9-AC7A-28222A2D4565}.Ad-Hoc|Mixed Platforms.ActiveCfg = Release|Any CPU
		{B059BD20-E2F7-4AB9-AC7A-28222A2D4565}.Ad-Hoc|Mixed Platforms.Build.0 = Release|Any CPU
		{B059BD20-E2F7-4AB9-AC7A-28222A2D4565}.Ad-Hoc|Mixed Platforms.Deploy.0 = Release|Any CPU
		{B059BD20-E2F7-4AB9-AC7A-28222A2D4565}.Ad-Hoc|x64.ActiveCfg = Release|Any CPU
		{B059BD20-E2F7-4AB9-AC7A-28222A2D4565}.Ad-Hoc|x64.Build.0 = Release|Any CPU
		{B059BD20-E2F7-4AB9-AC7A-28222A2D4565}.Ad-Hoc|x64.Deploy.0 = Release|Any CPU
		{B059BD20-E2F7-4AB9-AC7A-28222A2D4565}.Ad-Hoc|x86.ActiveCfg = Release|Any CPU
		{B059BD20-E2F7-4AB9-AC7A-28222A2D4565}.Ad-Hoc|x86.Build.0 = Release|Any CPU
		{B059BD20-E2F7-4AB9-AC7A-28222A2D4565}.Ad-Hoc|x86.Deploy.0 = Release|Any CPU
		{B059BD20-E2F7-4AB9-AC7A-28222A2D4565}.AppStore|Any CPU.ActiveCfg = Release|Any CPU
		{B059BD20-E2F7-4AB9-AC7A-28222A2D4565}.AppStore|Any CPU.Build.0 = Release|Any CPU
		{B059BD20-E2F7-4AB9-AC7A-28222A2D4565}.AppStore|Any CPU.Deploy.0 = Release|Any CPU
		{B059BD20-E2F7-4AB9-AC7A-28222A2D4565}.AppStore|ARM.ActiveCfg = Release|Any CPU
		{B059BD20-E2F7-4AB9-AC7A-28222A2D4565}.AppStore|ARM.Build.0 = Release|Any CPU
		{B059BD20-E2F7-4AB9-AC7A-28222A2D4565}.AppStore|ARM.Deploy.0 = Release|Any CPU
		{B059BD20-E2F7-4AB9-AC7A-28222A2D4565}.AppStore|iPhone.ActiveCfg = Release|Any CPU
		{B059BD20-E2F7-4AB9-AC7A-28222A2D4565}.AppStore|iPhone.Build.0 = Release|Any CPU
		{B059BD20-E2F7-4AB9-AC7A-28222A2D4565}.AppStore|iPhone.Deploy.0 = Release|Any CPU
		{B059BD20-E2F7-4AB9-AC7A-28222A2D4565}.AppStore|iPhoneSimulator.ActiveCfg = Release|Any CPU
		{B059BD20-E2F7-4AB9-AC7A-28222A2D4565}.AppStore|iPhoneSimulator.Build.0 = Release|Any CPU
		{B059BD20-E2F7-4AB9-AC7A-28222A2D4565}.AppStore|iPhoneSimulator.Deploy.0 = Release|Any CPU
		{B059BD20-E2F7-4AB9-AC7A-28222A2D4565}.AppStore|Mixed Platforms.ActiveCfg = Release|Any CPU
		{B059BD20-E2F7-4AB9-AC7A-28222A2D4565}.AppStore|Mixed Platforms.Build.0 = Release|Any CPU
		{B059BD20-E2F7-4AB9-AC7A-28222A2D4565}.AppStore|Mixed Platforms.Deploy.0 = Release|Any CPU
		{B059BD20-E2F7-4AB9-AC7A-28222A2D4565}.AppStore|x64.ActiveCfg = Release|Any CPU
		{B059BD20-E2F7-4AB9-AC7A-28222A2D4565}.AppStore|x64.Build.0 = Release|Any CPU
		{B059BD20-E2F7-4AB9-AC7A-28222A2D4565}.AppStore|x64.Deploy.0 = Release|Any CPU
		{B059BD20-E2F7-4AB9-AC7A-28222A2D4565}.AppStore|x86.ActiveCfg = Release|Any CPU
		{B059BD20-E2F7-4AB9-AC7A-28222A2D4565}.AppStore|x86.Build.0 = Release|Any CPU
		{B059BD20-E2F7-4AB9-AC7A-28222A2D4565}.AppStore|x86.Deploy.0 = Release|Any CPU
		{B059BD20-E2F7-4AB9-AC7A-28222A2D4565}.Debug|Any CPU.ActiveCfg = Debug|Any CPU
		{B059BD20-E2F7-4AB9-AC7A-28222A2D4565}.Debug|Any CPU.Build.0 = Debug|Any CPU
		{B059BD20-E2F7-4AB9-AC7A-28222A2D4565}.Debug|Any CPU.Deploy.0 = Debug|Any CPU
		{B059BD20-E2F7-4AB9-AC7A-28222A2D4565}.Debug|ARM.ActiveCfg = Debug|Any CPU
		{B059BD20-E2F7-4AB9-AC7A-28222A2D4565}.Debug|ARM.Build.0 = Debug|Any CPU
		{B059BD20-E2F7-4AB9-AC7A-28222A2D4565}.Debug|ARM.Deploy.0 = Debug|Any CPU
		{B059BD20-E2F7-4AB9-AC7A-28222A2D4565}.Debug|iPhone.ActiveCfg = Debug|Any CPU
		{B059BD20-E2F7-4AB9-AC7A-28222A2D4565}.Debug|iPhone.Build.0 = Debug|Any CPU
		{B059BD20-E2F7-4AB9-AC7A-28222A2D4565}.Debug|iPhone.Deploy.0 = Debug|Any CPU
		{B059BD20-E2F7-4AB9-AC7A-28222A2D4565}.Debug|iPhoneSimulator.ActiveCfg = Debug|Any CPU
		{B059BD20-E2F7-4AB9-AC7A-28222A2D4565}.Debug|iPhoneSimulator.Build.0 = Debug|Any CPU
		{B059BD20-E2F7-4AB9-AC7A-28222A2D4565}.Debug|iPhoneSimulator.Deploy.0 = Debug|Any CPU
		{B059BD20-E2F7-4AB9-AC7A-28222A2D4565}.Debug|Mixed Platforms.ActiveCfg = Debug|Any CPU
		{B059BD20-E2F7-4AB9-AC7A-28222A2D4565}.Debug|Mixed Platforms.Build.0 = Debug|Any CPU
		{B059BD20-E2F7-4AB9-AC7A-28222A2D4565}.Debug|Mixed Platforms.Deploy.0 = Debug|Any CPU
		{B059BD20-E2F7-4AB9-AC7A-28222A2D4565}.Debug|x64.ActiveCfg = Debug|Any CPU
		{B059BD20-E2F7-4AB9-AC7A-28222A2D4565}.Debug|x64.Build.0 = Debug|Any CPU
		{B059BD20-E2F7-4AB9-AC7A-28222A2D4565}.Debug|x64.Deploy.0 = Debug|Any CPU
		{B059BD20-E2F7-4AB9-AC7A-28222A2D4565}.Debug|x86.ActiveCfg = Debug|Any CPU
		{B059BD20-E2F7-4AB9-AC7A-28222A2D4565}.Debug|x86.Build.0 = Debug|Any CPU
		{B059BD20-E2F7-4AB9-AC7A-28222A2D4565}.Debug|x86.Deploy.0 = Debug|Any CPU
		{B059BD20-E2F7-4AB9-AC7A-28222A2D4565}.Release|Any CPU.ActiveCfg = Release|Any CPU
		{B059BD20-E2F7-4AB9-AC7A-28222A2D4565}.Release|Any CPU.Build.0 = Release|Any CPU
		{B059BD20-E2F7-4AB9-AC7A-28222A2D4565}.Release|Any CPU.Deploy.0 = Release|Any CPU
		{B059BD20-E2F7-4AB9-AC7A-28222A2D4565}.Release|ARM.ActiveCfg = Release|Any CPU
		{B059BD20-E2F7-4AB9-AC7A-28222A2D4565}.Release|ARM.Build.0 = Release|Any CPU
		{B059BD20-E2F7-4AB9-AC7A-28222A2D4565}.Release|ARM.Deploy.0 = Release|Any CPU
		{B059BD20-E2F7-4AB9-AC7A-28222A2D4565}.Release|iPhone.ActiveCfg = Release|Any CPU
		{B059BD20-E2F7-4AB9-AC7A-28222A2D4565}.Release|iPhone.Build.0 = Release|Any CPU
		{B059BD20-E2F7-4AB9-AC7A-28222A2D4565}.Release|iPhone.Deploy.0 = Release|Any CPU
		{B059BD20-E2F7-4AB9-AC7A-28222A2D4565}.Release|iPhoneSimulator.ActiveCfg = Release|Any CPU
		{B059BD20-E2F7-4AB9-AC7A-28222A2D4565}.Release|iPhoneSimulator.Build.0 = Release|Any CPU
		{B059BD20-E2F7-4AB9-AC7A-28222A2D4565}.Release|iPhoneSimulator.Deploy.0 = Release|Any CPU
		{B059BD20-E2F7-4AB9-AC7A-28222A2D4565}.Release|Mixed Platforms.ActiveCfg = Release|Any CPU
		{B059BD20-E2F7-4AB9-AC7A-28222A2D4565}.Release|Mixed Platforms.Build.0 = Release|Any CPU
		{B059BD20-E2F7-4AB9-AC7A-28222A2D4565}.Release|Mixed Platforms.Deploy.0 = Release|Any CPU
		{B059BD20-E2F7-4AB9-AC7A-28222A2D4565}.Release|x64.ActiveCfg = Release|Any CPU
		{B059BD20-E2F7-4AB9-AC7A-28222A2D4565}.Release|x64.Build.0 = Release|Any CPU
		{B059BD20-E2F7-4AB9-AC7A-28222A2D4565}.Release|x64.Deploy.0 = Release|Any CPU
		{B059BD20-E2F7-4AB9-AC7A-28222A2D4565}.Release|x86.ActiveCfg = Release|Any CPU
		{B059BD20-E2F7-4AB9-AC7A-28222A2D4565}.Release|x86.Build.0 = Release|Any CPU
		{B059BD20-E2F7-4AB9-AC7A-28222A2D4565}.Release|x86.Deploy.0 = Release|Any CPU
		{4CE44A2F-7ED3-41F4-B6FE-A9C69B7BDF25}.Ad-Hoc|Any CPU.ActiveCfg = Ad-Hoc|iPhone
		{4CE44A2F-7ED3-41F4-B6FE-A9C69B7BDF25}.Ad-Hoc|ARM.ActiveCfg = Ad-Hoc|iPhone
		{4CE44A2F-7ED3-41F4-B6FE-A9C69B7BDF25}.Ad-Hoc|iPhone.ActiveCfg = Ad-Hoc|iPhone
		{4CE44A2F-7ED3-41F4-B6FE-A9C69B7BDF25}.Ad-Hoc|iPhone.Build.0 = Ad-Hoc|iPhone
		{4CE44A2F-7ED3-41F4-B6FE-A9C69B7BDF25}.Ad-Hoc|iPhoneSimulator.ActiveCfg = Ad-Hoc|iPhoneSimulator
		{4CE44A2F-7ED3-41F4-B6FE-A9C69B7BDF25}.Ad-Hoc|iPhoneSimulator.Build.0 = Ad-Hoc|iPhoneSimulator
		{4CE44A2F-7ED3-41F4-B6FE-A9C69B7BDF25}.Ad-Hoc|Mixed Platforms.ActiveCfg = Ad-Hoc|iPhone
		{4CE44A2F-7ED3-41F4-B6FE-A9C69B7BDF25}.Ad-Hoc|Mixed Platforms.Build.0 = Ad-Hoc|iPhone
		{4CE44A2F-7ED3-41F4-B6FE-A9C69B7BDF25}.Ad-Hoc|x64.ActiveCfg = Ad-Hoc|iPhone
		{4CE44A2F-7ED3-41F4-B6FE-A9C69B7BDF25}.Ad-Hoc|x86.ActiveCfg = Ad-Hoc|iPhone
		{4CE44A2F-7ED3-41F4-B6FE-A9C69B7BDF25}.AppStore|Any CPU.ActiveCfg = AppStore|iPhone
		{4CE44A2F-7ED3-41F4-B6FE-A9C69B7BDF25}.AppStore|ARM.ActiveCfg = AppStore|iPhone
		{4CE44A2F-7ED3-41F4-B6FE-A9C69B7BDF25}.AppStore|iPhone.ActiveCfg = AppStore|iPhone
		{4CE44A2F-7ED3-41F4-B6FE-A9C69B7BDF25}.AppStore|iPhone.Build.0 = AppStore|iPhone
		{4CE44A2F-7ED3-41F4-B6FE-A9C69B7BDF25}.AppStore|iPhoneSimulator.ActiveCfg = AppStore|iPhoneSimulator
		{4CE44A2F-7ED3-41F4-B6FE-A9C69B7BDF25}.AppStore|iPhoneSimulator.Build.0 = AppStore|iPhoneSimulator
		{4CE44A2F-7ED3-41F4-B6FE-A9C69B7BDF25}.AppStore|Mixed Platforms.ActiveCfg = AppStore|iPhone
		{4CE44A2F-7ED3-41F4-B6FE-A9C69B7BDF25}.AppStore|Mixed Platforms.Build.0 = AppStore|iPhone
		{4CE44A2F-7ED3-41F4-B6FE-A9C69B7BDF25}.AppStore|x64.ActiveCfg = AppStore|iPhone
		{4CE44A2F-7ED3-41F4-B6FE-A9C69B7BDF25}.AppStore|x86.ActiveCfg = AppStore|iPhone
		{4CE44A2F-7ED3-41F4-B6FE-A9C69B7BDF25}.Debug|Any CPU.ActiveCfg = Debug|iPhone
		{4CE44A2F-7ED3-41F4-B6FE-A9C69B7BDF25}.Debug|ARM.ActiveCfg = Debug|iPhone
		{4CE44A2F-7ED3-41F4-B6FE-A9C69B7BDF25}.Debug|iPhone.ActiveCfg = Debug|iPhone
		{4CE44A2F-7ED3-41F4-B6FE-A9C69B7BDF25}.Debug|iPhone.Build.0 = Debug|iPhone
		{4CE44A2F-7ED3-41F4-B6FE-A9C69B7BDF25}.Debug|iPhoneSimulator.ActiveCfg = Debug|iPhoneSimulator
		{4CE44A2F-7ED3-41F4-B6FE-A9C69B7BDF25}.Debug|iPhoneSimulator.Build.0 = Debug|iPhoneSimulator
		{4CE44A2F-7ED3-41F4-B6FE-A9C69B7BDF25}.Debug|Mixed Platforms.ActiveCfg = Debug|iPhone
		{4CE44A2F-7ED3-41F4-B6FE-A9C69B7BDF25}.Debug|Mixed Platforms.Build.0 = Debug|iPhone
		{4CE44A2F-7ED3-41F4-B6FE-A9C69B7BDF25}.Debug|x64.ActiveCfg = Debug|iPhone
		{4CE44A2F-7ED3-41F4-B6FE-A9C69B7BDF25}.Debug|x86.ActiveCfg = Debug|iPhone
		{4CE44A2F-7ED3-41F4-B6FE-A9C69B7BDF25}.Release|Any CPU.ActiveCfg = Release|iPhone
		{4CE44A2F-7ED3-41F4-B6FE-A9C69B7BDF25}.Release|ARM.ActiveCfg = Release|iPhone
		{4CE44A2F-7ED3-41F4-B6FE-A9C69B7BDF25}.Release|iPhone.ActiveCfg = Release|iPhone
		{4CE44A2F-7ED3-41F4-B6FE-A9C69B7BDF25}.Release|iPhone.Build.0 = Release|iPhone
		{4CE44A2F-7ED3-41F4-B6FE-A9C69B7BDF25}.Release|iPhoneSimulator.ActiveCfg = Release|iPhoneSimulator
		{4CE44A2F-7ED3-41F4-B6FE-A9C69B7BDF25}.Release|iPhoneSimulator.Build.0 = Release|iPhoneSimulator
		{4CE44A2F-7ED3-41F4-B6FE-A9C69B7BDF25}.Release|Mixed Platforms.ActiveCfg = Release|iPhone
		{4CE44A2F-7ED3-41F4-B6FE-A9C69B7BDF25}.Release|Mixed Platforms.Build.0 = Release|iPhone
		{4CE44A2F-7ED3-41F4-B6FE-A9C69B7BDF25}.Release|x64.ActiveCfg = Release|iPhone
		{4CE44A2F-7ED3-41F4-B6FE-A9C69B7BDF25}.Release|x86.ActiveCfg = Release|iPhone
	EndGlobalSection
	GlobalSection(SolutionProperties) = preSolution
		HideSolutionNode = FALSE
	EndGlobalSection
	GlobalSection(NestedProjects) = preSolution
		{C311E8BC-1D77-418F-BBAE-6B858178722B} = {3A7E660F-DF7C-49F6-AE1D-4F7000036283}
		{3D9C7D35-3D58-4271-A889-884140708B23} = {3A7E660F-DF7C-49F6-AE1D-4F7000036283}
		{7A6AB793-040D-4FDF-9B58-865E686B8C11} = {3A7E660F-DF7C-49F6-AE1D-4F7000036283}
		{C99CC003-35F2-4E4A-9762-1C9A4448BEFC} = {3A7E660F-DF7C-49F6-AE1D-4F7000036283}
		{44455B12-E32F-4367-84BC-F1D1A5677B97} = {8048C58C-EB2F-4BE2-BFD0-DE2DE04F710C}
		{B059BD20-E2F7-4AB9-AC7A-28222A2D4565} = {8048C58C-EB2F-4BE2-BFD0-DE2DE04F710C}
		{4CE44A2F-7ED3-41F4-B6FE-A9C69B7BDF25} = {8048C58C-EB2F-4BE2-BFD0-DE2DE04F710C}
	EndGlobalSection
EndGlobal
