
Microsoft Visual Studio Solution File, Format Version 12.00
# Visual Studio 14
VisualStudioVersion = 14.0.23107.0
MinimumVisualStudioVersion = 10.0.40219.1
Project("{FAE04EC0-301F-11D3-BF4B-00C04F79EFBC}") = "SocketsSample.XF", "SocketsSample.XF\SocketsSample.XF.csproj", "{C311E8BC-1D77-418F-BBAE-6B858178722B}"
EndProject
Project("{FAE04EC0-301F-11D3-BF4B-00C04F79EFBC}") = "SocketsSample.XF.iOS", "SocketsSample.XF.iOS\SocketsSample.XF.iOS.csproj", "{3D9C7D35-3D58-4271-A889-884140708B23}"
EndProject
Project("{FAE04EC0-301F-11D3-BF4B-00C04F79EFBC}") = "SocketsSample.XF.Droid", "SocketsSample.XF.Droid\SocketsSample.XF.Droid.csproj", "{7A6AB793-040D-4FDF-9B58-865E686B8C11}"
EndProject
Project("{FAE04EC0-301F-11D3-BF4B-00C04F79EFBC}") = "SocketsSample.XF.WinPhone", "SocketsSample.XF.WinPhone\SocketsSample.XF.WinPhone.csproj", "{C99CC003-35F2-4E4A-9762-1C9A4448BEFC}"
EndProject
Global
	GlobalSection(SolutionConfigurationPlatforms) = preSolution
		Ad-Hoc|Any CPU = Ad-Hoc|Any CPU
		Ad-Hoc|ARM = Ad-Hoc|ARM
		Ad-Hoc|iPhone = Ad-Hoc|iPhone
		Ad-Hoc|iPhoneSimulator = Ad-Hoc|iPhoneSimulator
		Ad-Hoc|Mixed Platforms = Ad-Hoc|Mixed Platforms
		Ad-Hoc|x64 = Ad-Hoc|x64
		Ad-Hoc|x86 = Ad-Hoc|x86
		AppStore|Any CPU = AppStore|Any CPU
		AppStore|ARM = AppStore|ARM
		AppStore|iPhone = AppStore|iPhone
		AppStore|iPhoneSimulator = AppStore|iPhoneSimulator
		AppStore|Mixed Platforms = AppStore|Mixed Platforms
		AppStore|x64 = AppStore|x64
		AppStore|x86 = AppStore|x86
		Debug|Any CPU = Debug|Any CPU
		Debug|ARM = Debug|ARM
		Debug|iPhone = Debug|iPhone
		Debug|iPhoneSimulator = Debug|iPhoneSimulator
		Debug|Mixed Platforms = Debug|Mixed Platforms
		Debug|x64 = Debug|x64
		Debug|x86 = Debug|x86
		Release|Any CPU = Release|Any CPU
		Release|ARM = Release|ARM
		Release|iPhone = Release|iPhone
		Release|iPhoneSimulator = Release|iPhoneSimulator
		Release|Mixed Platforms = Release|Mixed Platforms
		Release|x64 = Release|x64
		Release|x86 = Release|x86
	EndGlobalSection
	GlobalSection(ProjectConfigurationPlatforms) = postSolution
		{C311E8BC-1D77-418F-BBAE-6B858178722B}.Ad-Hoc|Any CPU.ActiveCfg = Release|Any CPU
		{C311E8BC-1D77-418F-BBAE-6B858178722B}.Ad-Hoc|Any CPU.Build.0 = Release|Any CPU
		{C311E8BC-1D77-418F-BBAE-6B858178722B}.Ad-Hoc|ARM.ActiveCfg = Release|Any CPU
		{C311E8BC-1D77-418F-BBAE-6B858178722B}.Ad-Hoc|iPhone.ActiveCfg = Release|Any CPU
		{C311E8BC-1D77-418F-BBAE-6B858178722B}.Ad-Hoc|iPhoneSimulator.ActiveCfg = Release|Any CPU
		{C311E8BC-1D77-418F-BBAE-6B858178722B}.Ad-Hoc|Mixed Platforms.ActiveCfg = Release|Any CPU
		{C311E8BC-1D77-418F-BBAE-6B858178722B}.Ad-Hoc|Mixed Platforms.Build.0 = Release|Any CPU
		{C311E8BC-1D77-418F-BBAE-6B858178722B}.Ad-Hoc|x64.ActiveCfg = Release|Any CPU
		{C311E8BC-1D77-418F-BBAE-6B858178722B}.Ad-Hoc|x86.ActiveCfg = Release|Any CPU
		{C311E8BC-1D77-418F-BBAE-6B858178722B}.AppStore|Any CPU.ActiveCfg = Release|Any CPU
		{C311E8BC-1D77-418F-BBAE-6B858178722B}.AppStore|Any CPU.Build.0 = Release|Any CPU
		{C311E8BC-1D77-418F-BBAE-6B858178722B}.AppStore|ARM.ActiveCfg = Release|Any CPU
		{C311E8BC-1D77-418F-BBAE-6B858178722B}.AppStore|iPhone.ActiveCfg = Release|Any CPU
		{C311E8BC-1D77-418F-BBAE-6B858178722B}.AppStore|iPhoneSimulator.ActiveCfg = Release|Any CPU
		{C311E8BC-1D77-418F-BBAE-6B858178722B}.AppStore|Mixed Platforms.ActiveCfg = Release|Any CPU
		{C311E8BC-1D77-418F-BBAE-6B858178722B}.AppStore|Mixed Platforms.Build.0 = Release|Any CPU
		{C311E8BC-1D77-418F-BBAE-6B858178722B}.AppStore|x64.ActiveCfg = Release|Any CPU
		{C311E8BC-1D77-418F-BBAE-6B858178722B}.AppStore|x86.ActiveCfg = Release|Any CPU
		{C311E8BC-1D77-418F-BBAE-6B858178722B}.Debug|Any CPU.ActiveCfg = Debug|Any CPU
		{C311E8BC-1D77-418F-BBAE-6B858178722B}.Debug|Any CPU.Build.0 = Debug|Any CPU
		{C311E8BC-1D77-418F-BBAE-6B858178722B}.Debug|ARM.ActiveCfg = Debug|Any CPU
		{C311E8BC-1D77-418F-BBAE-6B858178722B}.Debug|iPhone.ActiveCfg = Debug|Any CPU
		{C311E8BC-1D77-418F-BBAE-6B858178722B}.Debug|iPhoneSimulator.ActiveCfg = Debug|Any CPU
		{C311E8BC-1D77-418F-BBAE-6B858178722B}.Debug|Mixed Platforms.ActiveCfg = Debug|Any CPU
		{C311E8BC-1D77-418F-BBAE-6B858178722B}.Debug|Mixed Platforms.Build.0 = Debug|Any CPU
		{C311E8BC-1D77-418F-BBAE-6B858178722B}.Debug|x64.ActiveCfg = Debug|Any CPU
		{C311E8BC-1D77-418F-BBAE-6B858178722B}.Debug|x86.ActiveCfg = Debug|Any CPU
		{C311E8BC-1D77-418F-BBAE-6B858178722B}.Release|Any CPU.ActiveCfg = Release|Any CPU
		{C311E8BC-1D77-418F-BBAE-6B858178722B}.Release|Any CPU.Build.0 = Release|Any CPU
		{C311E8BC-1D77-418F-BBAE-6B858178722B}.Release|ARM.ActiveCfg = Release|Any CPU
		{C311E8BC-1D77-418F-BBAE-6B858178722B}.Release|iPhone.ActiveCfg = Release|Any CPU
		{C311E8BC-1D77-418F-BBAE-6B858178722B}.Release|iPhoneSimulator.ActiveCfg = Release|Any CPU
		{C311E8BC-1D77-418F-BBAE-6B858178722B}.Release|Mixed Platforms.ActiveCfg = Release|Any CPU
		{C311E8BC-1D77-418F-BBAE-6B858178722B}.Release|Mixed Platforms.Build.0 = Release|Any CPU
		{C311E8BC-1D77-418F-BBAE-6B858178722B}.Release|x64.ActiveCfg = Release|Any CPU
		{C311E8BC-1D77-418F-BBAE-6B858178722B}.Release|x86.ActiveCfg = Release|Any CPU
		{3D9C7D35-3D58-4271-A889-884140708B23}.Ad-Hoc|Any CPU.ActiveCfg = Ad-Hoc|iPhone
		{3D9C7D35-3D58-4271-A889-884140708B23}.Ad-Hoc|ARM.ActiveCfg = Ad-Hoc|iPhone
		{3D9C7D35-3D58-4271-A889-884140708B23}.Ad-Hoc|iPhone.ActiveCfg = Ad-Hoc|iPhone
		{3D9C7D35-3D58-4271-A889-884140708B23}.Ad-Hoc|iPhone.Build.0 = Ad-Hoc|iPhone
		{3D9C7D35-3D58-4271-A889-884140708B23}.Ad-Hoc|iPhoneSimulator.ActiveCfg = Ad-Hoc|iPhoneSimulator
		{3D9C7D35-3D58-4271-A889-884140708B23}.Ad-Hoc|iPhoneSimulator.Build.0 = Ad-Hoc|iPhoneSimulator
		{3D9C7D35-3D58-4271-A889-884140708B23}.Ad-Hoc|Mixed Platforms.ActiveCfg = Ad-Hoc|iPhone
		{3D9C7D35-3D58-4271-A889-884140708B23}.Ad-Hoc|Mixed Platforms.Build.0 = Ad-Hoc|iPhone
		{3D9C7D35-3D58-4271-A889-884140708B23}.Ad-Hoc|x64.ActiveCfg = Ad-Hoc|iPhone
		{3D9C7D35-3D58-4271-A889-884140708B23}.Ad-Hoc|x86.ActiveCfg = Ad-Hoc|iPhone
		{3D9C7D35-3D58-4271-A889-884140708B23}.AppStore|Any CPU.ActiveCfg = AppStore|iPhone
		{3D9C7D35-3D58-4271-A889-884140708B23}.AppStore|ARM.ActiveCfg = AppStore|iPhone
		{3D9C7D35-3D58-4271-A889-884140708B23}.AppStore|iPhone.ActiveCfg = AppStore|iPhone
		{3D9C7D35-3D58-4271-A889-884140708B23}.AppStore|iPhone.Build.0 = AppStore|iPhone
		{3D9C7D35-3D58-4271-A889-884140708B23}.AppStore|iPhoneSimulator.ActiveCfg = AppStore|iPhoneSimulator
		{3D9C7D35-3D58-4271-A889-884140708B23}.AppStore|iPhoneSimulator.Build.0 = AppStore|iPhoneSimulator
		{3D9C7D35-3D58-4271-A889-884140708B23}.AppStore|Mixed Platforms.ActiveCfg = AppStore|iPhone
		{3D9C7D35-3D58-4271-A889-884140708B23}.AppStore|Mixed Platforms.Build.0 = AppStore|iPhone
		{3D9C7D35-3D58-4271-A889-884140708B23}.AppStore|x64.ActiveCfg = AppStore|iPhone
		{3D9C7D35-3D58-4271-A889-884140708B23}.AppStore|x86.ActiveCfg = AppStore|iPhone
		{3D9C7D35-3D58-4271-A889-884140708B23}.Debug|Any CPU.ActiveCfg = Debug|iPhone
		{3D9C7D35-3D58-4271-A889-884140708B23}.Debug|Any CPU.Build.0 = Debug|iPhone
		{3D9C7D35-3D58-4271-A889-884140708B23}.Debug|ARM.ActiveCfg = Debug|iPhone
		{3D9C7D35-3D58-4271-A889-884140708B23}.Debug|iPhone.ActiveCfg = Debug|iPhone
		{3D9C7D35-3D58-4271-A889-884140708B23}.Debug|iPhone.Build.0 = Debug|iPhone
		{3D9C7D35-3D58-4271-A889-884140708B23}.Debug|iPhoneSimulator.ActiveCfg = Debug|iPhoneSimulator
		{3D9C7D35-3D58-4271-A889-884140708B23}.Debug|iPhoneSimulator.Build.0 = Debug|iPhoneSimulator
		{3D9C7D35-3D58-4271-A889-884140708B23}.Debug|Mixed Platforms.ActiveCfg = Debug|iPhone
		{3D9C7D35-3D58-4271-A889-884140708B23}.Debug|Mixed Platforms.Build.0 = Debug|iPhone
		{3D9C7D35-3D58-4271-A889-884140708B23}.Debug|x64.ActiveCfg = Debug|iPhone
		{3D9C7D35-3D58-4271-A889-884140708B23}.Debug|x86.ActiveCfg = Debug|iPhone
		{3D9C7D35-3D58-4271-A889-884140708B23}.Release|Any CPU.ActiveCfg = Release|iPhone
		{3D9C7D35-3D58-4271-A889-884140708B23}.Release|ARM.ActiveCfg = Release|iPhone
		{3D9C7D35-3D58-4271-A889-884140708B23}.Release|iPhone.ActiveCfg = Release|iPhone
		{3D9C7D35-3D58-4271-A889-884140708B23}.Release|iPhone.Build.0 = Release|iPhone
		{3D9C7D35-3D58-4271-A889-884140708B23}.Release|iPhone.Deploy.0 = Release|iPhone
		{3D9C7D35-3D58-4271-A889-884140708B23}.Release|iPhoneSimulator.ActiveCfg = Release|iPhoneSimulator
		{3D9C7D35-3D58-4271-A889-884140708B23}.Release|iPhoneSimulator.Build.0 = Release|iPhoneSimulator
		{3D9C7D35-3D58-4271-A889-884140708B23}.Release|Mixed Platforms.ActiveCfg = Release|iPhone
		{3D9C7D35-3D58-4271-A889-884140708B23}.Release|Mixed Platforms.Build.0 = Release|iPhone
		{3D9C7D35-3D58-4271-A889-884140708B23}.Release|x64.ActiveCfg = Release|iPhone
		{3D9C7D35-3D58-4271-A889-884140708B23}.Release|x86.ActiveCfg = Release|iPhone
		{7A6AB793-040D-4FDF-9B58-865E686B8C11}.Ad-Hoc|Any CPU.ActiveCfg = Release|Any CPU
		{7A6AB793-040D-4FDF-9B58-865E686B8C11}.Ad-Hoc|Any CPU.Build.0 = Release|Any CPU
		{7A6AB793-040D-4FDF-9B58-865E686B8C11}.Ad-Hoc|Any CPU.Deploy.0 = Release|Any CPU
		{7A6AB793-040D-4FDF-9B58-865E686B8C11}.Ad-Hoc|ARM.ActiveCfg = Release|Any CPU
		{7A6AB793-040D-4FDF-9B58-865E686B8C11}.Ad-Hoc|iPhone.ActiveCfg = Release|Any CPU
		{7A6AB793-040D-4FDF-9B58-865E686B8C11}.Ad-Hoc|iPhoneSimulator.ActiveCfg = Release|Any CPU
		{7A6AB793-040D-4FDF-9B58-865E686B8C11}.Ad-Hoc|Mixed Platforms.ActiveCfg = Release|Any CPU
		{7A6AB793-040D-4FDF-9B58-865E686B8C11}.Ad-Hoc|Mixed Platforms.Build.0 = Release|Any CPU
		{7A6AB793-040D-4FDF-9B58-865E686B8C11}.Ad-Hoc|Mixed Platforms.Deploy.0 = Release|Any CPU
		{7A6AB793-040D-4FDF-9B58-865E686B8C11}.Ad-Hoc|x64.ActiveCfg = Release|Any CPU
		{7A6AB793-040D-4FDF-9B58-865E686B8C11}.Ad-Hoc|x86.ActiveCfg = Release|Any CPU
		{7A6AB793-040D-4FDF-9B58-865E686B8C11}.AppStore|Any CPU.ActiveCfg = Release|Any CPU
		{7A6AB793-040D-4FDF-9B58-865E686B8C11}.AppStore|Any CPU.Build.0 = Release|Any CPU
		{7A6AB793-040D-4FDF-9B58-865E686B8C11}.AppStore|Any CPU.Deploy.0 = Release|Any CPU
		{7A6AB793-040D-4FDF-9B58-865E686B8C11}.AppStore|ARM.ActiveCfg = Release|Any CPU
		{7A6AB793-040D-4FDF-9B58-865E686B8C11}.AppStore|iPhone.ActiveCfg = Release|Any CPU
		{7A6AB793-040D-4FDF-9B58-865E686B8C11}.AppStore|iPhoneSimulator.ActiveCfg = Release|Any CPU
		{7A6AB793-040D-4FDF-9B58-865E686B8C11}.AppStore|Mixed Platforms.ActiveCfg = Release|Any CPU
		{7A6AB793-040D-4FDF-9B58-865E686B8C11}.AppStore|Mixed Platforms.Build.0 = Release|Any CPU
		{7A6AB793-040D-4FDF-9B58-865E686B8C11}.AppStore|Mixed Platforms.Deploy.0 = Release|Any CPU
		{7A6AB793-040D-4FDF-9B58-865E686B8C11}.AppStore|x64.ActiveCfg = Release|Any CPU
		{7A6AB793-040D-4FDF-9B58-865E686B8C11}.AppStore|x86.ActiveCfg = Release|Any CPU
		{7A6AB793-040D-4FDF-9B58-865E686B8C11}.Debug|Any CPU.ActiveCfg = Debug|Any CPU
		{7A6AB793-040D-4FDF-9B58-865E686B8C11}.Debug|Any CPU.Build.0 = Debug|Any CPU
		{7A6AB793-040D-4FDF-9B58-865E686B8C11}.Debug|Any CPU.Deploy.0 = Debug|Any CPU
		{7A6AB793-040D-4FDF-9B58-865E686B8C11}.Debug|ARM.ActiveCfg = Debug|Any CPU
		{7A6AB793-040D-4FDF-9B58-865E686B8C11}.Debug|iPhone.ActiveCfg = Debug|Any CPU
		{7A6AB793-040D-4FDF-9B58-865E686B8C11}.Debug|iPhoneSimulator.ActiveCfg = Debug|Any CPU
		{7A6AB793-040D-4FDF-9B58-865E686B8C11}.Debug|Mixed Platforms.ActiveCfg = Debug|Any CPU
		{7A6AB793-040D-4FDF-9B58-865E686B8C11}.Debug|Mixed Platforms.Build.0 = Debug|Any CPU
		{7A6AB793-040D-4FDF-9B58-865E686B8C11}.Debug|Mixed Platforms.Deploy.0 = Debug|Any CPU
		{7A6AB793-040D-4FDF-9B58-865E686B8C11}.Debug|x64.ActiveCfg = Debug|Any CPU
		{7A6AB793-040D-4FDF-9B58-865E686B8C11}.Debug|x86.ActiveCfg = Debug|Any CPU
		{7A6AB793-040D-4FDF-9B58-865E686B8C11}.Release|Any CPU.ActiveCfg = Release|Any CPU
		{7A6AB793-040D-4FDF-9B58-865E686B8C11}.Release|Any CPU.Build.0 = Release|Any CPU
		{7A6AB793-040D-4FDF-9B58-865E686B8C11}.Release|Any CPU.Deploy.0 = Release|Any CPU
		{7A6AB793-040D-4FDF-9B58-865E686B8C11}.Release|ARM.ActiveCfg = Release|Any CPU
		{7A6AB793-040D-4FDF-9B58-865E686B8C11}.Release|iPhone.ActiveCfg = Release|Any CPU
		{7A6AB793-040D-4FDF-9B58-865E686B8C11}.Release|iPhoneSimulator.ActiveCfg = Release|Any CPU
		{7A6AB793-040D-4FDF-9B58-865E686B8C11}.Release|Mixed Platforms.ActiveCfg = Release|Any CPU
		{7A6AB793-040D-4FDF-9B58-865E686B8C11}.Release|Mixed Platforms.Build.0 = Release|Any CPU
		{7A6AB793-040D-4FDF-9B58-865E686B8C11}.Release|Mixed Platforms.Deploy.0 = Release|Any CPU
		{7A6AB793-040D-4FDF-9B58-865E686B8C11}.Release|x64.ActiveCfg = Release|Any CPU
		{7A6AB793-040D-4FDF-9B58-865E686B8C11}.Release|x86.ActiveCfg = Release|Any CPU
		{C99CC003-35F2-4E4A-9762-1C9A4448BEFC}.Ad-Hoc|Any CPU.ActiveCfg = Release|Any CPU
		{C99CC003-35F2-4E4A-9762-1C9A4448BEFC}.Ad-Hoc|Any CPU.Build.0 = Release|Any CPU
		{C99CC003-35F2-4E4A-9762-1C9A4448BEFC}.Ad-Hoc|Any CPU.Deploy.0 = Release|Any CPU
		{C99CC003-35F2-4E4A-9762-1C9A4448BEFC}.Ad-Hoc|ARM.ActiveCfg = Release|ARM
		{C99CC003-35F2-4E4A-9762-1C9A4448BEFC}.Ad-Hoc|ARM.Build.0 = Release|ARM
		{C99CC003-35F2-4E4A-9762-1C9A4448BEFC}.Ad-Hoc|ARM.Deploy.0 = Release|ARM
		{C99CC003-35F2-4E4A-9762-1C9A4448BEFC}.Ad-Hoc|iPhone.ActiveCfg = Release|Any CPU
		{C99CC003-35F2-4E4A-9762-1C9A4448BEFC}.Ad-Hoc|iPhoneSimulator.ActiveCfg = Release|Any CPU
		{C99CC003-35F2-4E4A-9762-1C9A4448BEFC}.Ad-Hoc|Mixed Platforms.ActiveCfg = Release|x86
		{C99CC003-35F2-4E4A-9762-1C9A4448BEFC}.Ad-Hoc|Mixed Platforms.Build.0 = Release|x86
		{C99CC003-35F2-4E4A-9762-1C9A4448BEFC}.Ad-Hoc|Mixed Platforms.Deploy.0 = Release|x86
		{C99CC003-35F2-4E4A-9762-1C9A4448BEFC}.Ad-Hoc|x64.ActiveCfg = Release|Any CPU
		{C99CC003-35F2-4E4A-9762-1C9A4448BEFC}.Ad-Hoc|x86.ActiveCfg = Release|x86
		{C99CC003-35F2-4E4A-9762-1C9A4448BEFC}.Ad-Hoc|x86.Build.0 = Release|x86
		{C99CC003-35F2-4E4A-9762-1C9A4448BEFC}.Ad-Hoc|x86.Deploy.0 = Release|x86
		{C99CC003-35F2-4E4A-9762-1C9A4448BEFC}.AppStore|Any CPU.ActiveCfg = Release|Any CPU
		{C99CC003-35F2-4E4A-9762-1C9A4448BEFC}.AppStore|Any CPU.Build.0 = Release|Any CPU
		{C99CC003-35F2-4E4A-9762-1C9A4448BEFC}.AppStore|Any CPU.Deploy.0 = Release|Any CPU
		{C99CC003-35F2-4E4A-9762-1C9A4448BEFC}.AppStore|ARM.ActiveCfg = Release|ARM
		{C99CC003-35F2-4E4A-9762-1C9A4448BEFC}.AppStore|ARM.Build.0 = Release|ARM
		{C99CC003-35F2-4E4A-9762-1C9A4448BEFC}.AppStore|ARM.Deploy.0 = Release|ARM
		{C99CC003-35F2-4E4A-9762-1C9A4448BEFC}.AppStore|iPhone.ActiveCfg = Release|Any CPU
		{C99CC003-35F2-4E4A-9762-1C9A4448BEFC}.AppStore|iPhoneSimulator.ActiveCfg = Release|Any CPU
		{C99CC003-35F2-4E4A-9762-1C9A4448BEFC}.AppStore|Mixed Platforms.ActiveCfg = Release|x86
		{C99CC003-35F2-4E4A-9762-1C9A4448BEFC}.AppStore|Mixed Platforms.Build.0 = Release|x86
		{C99CC003-35F2-4E4A-9762-1C9A4448BEFC}.AppStore|Mixed Platforms.Deploy.0 = Release|x86
		{C99CC003-35F2-4E4A-9762-1C9A4448BEFC}.AppStore|x64.ActiveCfg = Release|Any CPU
		{C99CC003-35F2-4E4A-9762-1C9A4448BEFC}.AppStore|x86.ActiveCfg = Release|x86
		{C99CC003-35F2-4E4A-9762-1C9A4448BEFC}.AppStore|x86.Build.0 = Release|x86
		{C99CC003-35F2-4E4A-9762-1C9A4448BEFC}.AppStore|x86.Deploy.0 = Release|x86
		{C99CC003-35F2-4E4A-9762-1C9A4448BEFC}.Debug|Any CPU.ActiveCfg = Debug|Any CPU
		{C99CC003-35F2-4E4A-9762-1C9A4448BEFC}.Debug|Any CPU.Build.0 = Debug|Any CPU
		{C99CC003-35F2-4E4A-9762-1C9A4448BEFC}.Debug|Any CPU.Deploy.0 = Debug|Any CPU
		{C99CC003-35F2-4E4A-9762-1C9A4448BEFC}.Debug|ARM.ActiveCfg = Debug|ARM
		{C99CC003-35F2-4E4A-9762-1C9A4448BEFC}.Debug|ARM.Build.0 = Debug|ARM
		{C99CC003-35F2-4E4A-9762-1C9A4448BEFC}.Debug|ARM.Deploy.0 = Debug|ARM
		{C99CC003-35F2-4E4A-9762-1C9A4448BEFC}.Debug|iPhone.ActiveCfg = Debug|Any CPU
		{C99CC003-35F2-4E4A-9762-1C9A4448BEFC}.Debug|iPhoneSimulator.ActiveCfg = Debug|Any CPU
		{C99CC003-35F2-4E4A-9762-1C9A4448BEFC}.Debug|Mixed Platforms.ActiveCfg = Debug|x86
		{C99CC003-35F2-4E4A-9762-1C9A4448BEFC}.Debug|Mixed Platforms.Build.0 = Debug|x86
		{C99CC003-35F2-4E4A-9762-1C9A4448BEFC}.Debug|Mixed Platforms.Deploy.0 = Debug|x86
		{C99CC003-35F2-4E4A-9762-1C9A4448BEFC}.Debug|x64.ActiveCfg = Debug|Any CPU
		{C99CC003-35F2-4E4A-9762-1C9A4448BEFC}.Debug|x86.ActiveCfg = Debug|x86
		{C99CC003-35F2-4E4A-9762-1C9A4448BEFC}.Debug|x86.Build.0 = Debug|x86
		{C99CC003-35F2-4E4A-9762-1C9A4448BEFC}.Debug|x86.Deploy.0 = Debug|x86
		{C99CC003-35F2-4E4A-9762-1C9A4448BEFC}.Release|Any CPU.ActiveCfg = Release|Any CPU
		{C99CC003-35F2-4E4A-9762-1C9A4448BEFC}.Release|Any CPU.Build.0 = Release|Any CPU
		{C99CC003-35F2-4E4A-9762-1C9A4448BEFC}.Release|Any CPU.Deploy.0 = Release|Any CPU
		{C99CC003-35F2-4E4A-9762-1C9A4448BEFC}.Release|ARM.ActiveCfg = Release|ARM
		{C99CC003-35F2-4E4A-9762-1C9A4448BEFC}.Release|ARM.Build.0 = Release|ARM
		{C99CC003-35F2-4E4A-9762-1C9A4448BEFC}.Release|ARM.Deploy.0 = Release|ARM
		{C99CC003-35F2-4E4A-9762-1C9A4448BEFC}.Release|iPhone.ActiveCfg = Release|Any CPU
		{C99CC003-35F2-4E4A-9762-1C9A4448BEFC}.Release|iPhoneSimulator.ActiveCfg = Release|Any CPU
		{C99CC003-35F2-4E4A-9762-1C9A4448BEFC}.Release|Mixed Platforms.ActiveCfg = Release|x86
		{C99CC003-35F2-4E4A-9762-1C9A4448BEFC}.Release|Mixed Platforms.Build.0 = Release|x86
		{C99CC003-35F2-4E4A-9762-1C9A4448BEFC}.Release|Mixed Platforms.Deploy.0 = Release|x86
		{C99CC003-35F2-4E4A-9762-1C9A4448BEFC}.Release|x64.ActiveCfg = Release|Any CPU
		{C99CC003-35F2-4E4A-9762-1C9A4448BEFC}.Release|x86.ActiveCfg = Release|x86
		{C99CC003-35F2-4E4A-9762-1C9A4448BEFC}.Release|x86.Build.0 = Release|x86
		{C99CC003-35F2-4E4A-9762-1C9A4448BEFC}.Release|x86.Deploy.0 = Release|x86
	EndGlobalSection
	GlobalSection(SolutionProperties) = preSolution
		HideSolutionNode = FALSE
	EndGlobalSection
EndGlobal
